<?xml version="1.0" encoding="utf-8"?>
<Project ToolsVersion="4.0" xmlns="http://schemas.microsoft.com/developer/msbuild/2003">
  <ItemGroup>
    <Filter Include="Client">
      <UniqueIdentifier>{952C25A6-A63C-4794-E0C0-BCC823CD42F3}</UniqueIdentifier>
    </Filter>
    <Filter Include="Client\ImgOle">
      <UniqueIdentifier>{BE5BFE8F-4E3B-F05D-40A0-8ED1FAF5262C}</UniqueIdentifier>
    </Filter>
  </ItemGroup>
  <ItemGroup>
    <ClCompile Include="..\..\Demos\Client\Client\ColorPicker.cpp">
      <Filter>Client</Filter>
    </ClCompile>
    <ClCompile Include="..\..\Demos\Client\Client\lock.cpp">
      <Filter>Client</Filter>
    </ClCompile>
    <ClCompile Include="..\..\Demos\Client\Client\ListenSocket.cpp">
      <Filter>Client</Filter>
    </ClCompile>
    <ClCompile Include="..\..\Demos\Client\Client\FaceCtrl.cpp">
      <Filter>Client</Filter>
    </ClCompile>
    <ClCompile Include="..\..\Demos\Client\Client\UIUserList.cpp">
      <Filter>Client</Filter>
    </ClCompile>
    <ClCompile Include="..\..\Demos\Client\Client\RichEditUtil.cpp">
      <Filter>Client</Filter>
    </ClCompile>
    <ClCompile Include="..\..\Demos\Client\Client\FaceList.cpp">
      <Filter>Client</Filter>
    </ClCompile>
    <ClCompile Include="..\..\Demos\Client\Client\UIFriends.cpp">
      <Filter>Client</Filter>
    </ClCompile>
    <ClCompile Include="..\..\Demos\Client\Client\trayIcon.cpp">
      <Filter>Client</Filter>
    </ClCompile>
    <ClCompile Include="..\..\Demos\Client\Client\ChatSocket.cpp">
      <Filter>Client</Filter>
    </ClCompile>
    <ClCompile Include="..\..\Demos\Client\Client\tray.cpp">
      <Filter>Client</Filter>
    </ClCompile>
    <ClCompile Include="..\..\Demos\Client\Client\trans_file.cpp">
      <Filter>Client</Filter>
    </ClCompile>
    <ClCompile Include="..\..\Demos\Client\Client\stdafx.cpp">
      <Filter>Client</Filter>
    </ClCompile>
    <ClCompile Include="..\..\Demos\Client\Client\UIListCommonDefine.cpp">
      <Filter>Client</Filter>
    </ClCompile>
    <ClCompile Include="..\..\Demos\Client\Client\ImgOle\GifImage.cpp">
      <Filter>Client\ImgOle</Filter>
    </ClCompile>
    <ClCompile Include="..\..\Demos\Client\Client\config.cpp">
      <Filter>Client</Filter>
    </ClCompile>
    <ClCompile Include="..\..\Demos\Client\Client\chat_dialog.cpp">
      <Filter>Client</Filter>
    </ClCompile>
    <ClCompile Include="..\..\Demos\Client\Client\Client.cpp">
      <Filter>Client</Filter>
    </ClCompile>
    <ClCompile Include="..\..\Demos\Client\Client\Convert.cpp">
      <Filter>Client</Filter>
    </ClCompile>
    <ClCompile Include="..\..\Demos\Client\Client\FaceSelDlg.cpp">
      <Filter>Client</Filter>
    </ClCompile>
    <ClCompile Include="..\..\Demos\Client\Client\notice.cpp">
      <Filter>Client</Filter>
    </ClCompile>
    <ClCompile Include="..\..\Demos\Client\Client\log.cpp">
      <Filter>Client</Filter>
    </ClCompile>
    <ClCompile Include="..\..\Demos\Client\Client\Login.cpp">
      <Filter>Client</Filter>
    </ClCompile>
    <ClCompile Include="..\..\Demos\Client\Client\mainwindow.cpp">
      <Filter>Client</Filter>
    </ClCompile>
    <ClCompile Include="..\..\Demos\Client\Client\Msg.cpp">
      <Filter>Client</Filter>
    </ClCompile>
  </ItemGroup>
  <ItemGroup>
  </ItemGroup>
</Project>
