<?xml version="1.0" encoding="utf-8"?>
<Project ToolsVersion="4.0" xmlns="http://schemas.microsoft.com/developer/msbuild/2003">
  <ItemGroup>
    <Filter Include="..\base">
      <UniqueIdentifier>{901963BA-E425-54C8-E53F-AABC105FF937}</UniqueIdentifier>
    </Filter>
    <Filter Include="..">
      <UniqueIdentifier>{B6D636D3-3458-6841-5B0D-6275C0837560}</UniqueIdentifier>
    </Filter>
  </ItemGroup>
  <ItemGroup>
    <ClCompile Include="..\..\LuaDuiLib\LuaApplication.cpp" />
    <ClCompile Include="..\..\LuaDuiLib\LuaWindow.cpp" />
    <ClCompile Include="..\..\LuaDuiLib\lua_global.cpp" />
    <ClCompile Include="..\..\LuaDuiLib\lua_duilib.cpp" />
    <ClCompile Include="..\..\LuaDuiLib\lua_int64.cpp" />
  </ItemGroup>
  <ItemGroup>
    <ClInclude Include="..\..\base\lua_object.hpp">
      <Filter>..\base</Filter>
    </ClInclude>
    <ClInclude Include="..\..\base\lua_script.hpp">
      <Filter>..\base</Filter>
    </ClInclude>
    <ClInclude Include="..\..\base\lua_wrapper.hpp">
      <Filter>..\base</Filter>
    </ClInclude>
    <ClInclude Include="..\..\base\LuaEnv.hpp">
      <Filter>..\base</Filter>
    </ClInclude>
    <ClInclude Include="..\..\LuaDuiLib\LuaApplication.h" />
    <ClInclude Include="..\..\LuaDuiLib\LuaWindow.h" />
    <ClInclude Include="..\..\LuaDuiLib\lua_duilib.h" />
    <ClInclude Include="..\..\LuaDuiLib\lua_duilib_extend_wrapper.hpp" />
    <ClInclude Include="..\..\LuaDuiLib\lua_duilib_wrapper.hpp" />
    <ClInclude Include="..\..\LuaDuiLib\lua_op_define.hpp" />
  </ItemGroup>
</Project>