<?xml version="1.0" encoding="utf-8"?>
<Project ToolsVersion="4.0" xmlns="http://schemas.microsoft.com/developer/msbuild/2003">
  <ItemGroup>
    <Filter Include="src\utility">
      <UniqueIdentifier>{5B5ADE9F-A841-182D-8AE9-79219404F6DC}</UniqueIdentifier>
    </Filter>
    <Filter Include="src">
      <UniqueIdentifier>{AFD19EEF-3A3E-277D-9F05-B271490381AC}</UniqueIdentifier>
    </Filter>
    <Filter Include="include">
      <UniqueIdentifier>{44BD07EB-98C8-F8F9-99E3-4EEDC5039D68}</UniqueIdentifier>
    </Filter>
  </ItemGroup>
  <ItemGroup>
    <ClCompile Include="..\..\thirdpart\play_plugin\src\utility\log.cpp">
      <Filter>src\utility</Filter>
    </ClCompile>
    <ClCompile Include="..\..\thirdpart\play_plugin\src\LocalPlayer.cpp">
      <Filter>src</Filter>
    </ClCompile>
    <ClCompile Include="..\..\thirdpart\play_plugin\src\OnlinePlayer.cpp">
      <Filter>src</Filter>
    </ClCompile>
    <ClCompile Include="..\..\thirdpart\play_plugin\src\ResDownloader.cpp">
      <Filter>src</Filter>
    </ClCompile>
    <ClCompile Include="..\..\thirdpart\play_plugin\src\DecoderPluginMgr.cpp">
      <Filter>src</Filter>
    </ClCompile>
    <ClCompile Include="..\..\thirdpart\play_plugin\src\PlayerFactory.cpp">
      <Filter>src</Filter>
    </ClCompile>
    <ClCompile Include="..\..\thirdpart\play_plugin\src\IPlayer.cpp">
      <Filter>src</Filter>
    </ClCompile>
    <ClCompile Include="..\..\thirdpart\play_plugin\src\BasePlayer.cpp">
      <Filter>src</Filter>
    </ClCompile>
  </ItemGroup>
  <ItemGroup>
    <ClInclude Include="..\..\thirdpart\play_plugin\src\BasePlayer.h">
      <Filter>src</Filter>
    </ClInclude>
    <ClInclude Include="..\..\thirdpart\play_plugin\src\DecoderPluginMgr.h">
      <Filter>src</Filter>
    </ClInclude>
    <ClInclude Include="..\..\thirdpart\play_plugin\src\LocalPlayer.h">
      <Filter>src</Filter>
    </ClInclude>
    <ClInclude Include="..\..\thirdpart\play_plugin\src\OnlinePlayer.h">
      <Filter>src</Filter>
    </ClInclude>
    <ClInclude Include="..\..\thirdpart\play_plugin\src\PlayerFactory.h">
      <Filter>src</Filter>
    </ClInclude>
    <ClInclude Include="..\..\thirdpart\play_plugin\src\ResDownloader.h">
      <Filter>src</Filter>
    </ClInclude>
    <ClInclude Include="..\..\thirdpart\play_plugin\src\utility\log.h">
      <Filter>src\utility</Filter>
    </ClInclude>
    <ClInclude Include="..\..\thirdpart\play_plugin\src\utility\P2PInterface.h">
      <Filter>src\utility</Filter>
    </ClInclude>
    <ClInclude Include="..\..\thirdpart\play_plugin\include\DecoderType.h">
      <Filter>include</Filter>
    </ClInclude>
    <ClInclude Include="..\..\thirdpart\play_plugin\include\decoder_plugin.h">
      <Filter>include</Filter>
    </ClInclude>
    <ClInclude Include="..\..\thirdpart\play_plugin\include\IPlayer.h">
      <Filter>include</Filter>
    </ClInclude>
  </ItemGroup>
</Project>
