<?xml version="1.0" encoding="utf-8"?>
<Project ToolsVersion="4.0" xmlns="http://schemas.microsoft.com/developer/msbuild/2003">
  <ItemGroup>
    <Filter Include="src">
      <UniqueIdentifier>{AFD19EEF-3A3E-277D-9F05-B271490381AC}</UniqueIdentifier>
    </Filter>
    <Filter Include="src\templateTool">
      <UniqueIdentifier>{F7B899D5-4203-E903-949E-C9B70C5F5202}</UniqueIdentifier>
    </Filter>
  </ItemGroup>
  <ItemGroup>
    <ClCompile Include="..\..\thirdpart\network\src\SendReciver.cpp">
      <Filter>src</Filter>
    </ClCompile>
    <ClCompile Include="..\..\thirdpart\network\src\Accepter.cpp">
      <Filter>src</Filter>
    </ClCompile>
    <ClCompile Include="..\..\thirdpart\network\src\Connecter.cpp">
      <Filter>src</Filter>
    </ClCompile>
    <ClCompile Include="..\..\thirdpart\network\src\SockBase.cpp">
      <Filter>src</Filter>
    </ClCompile>
    <ClCompile Include="..\..\thirdpart\network\src\NetService.cpp">
      <Filter>src</Filter>
    </ClCompile>
    <ClCompile Include="..\..\thirdpart\network\src\Flowrate.cpp">
      <Filter>src</Filter>
    </ClCompile>
  </ItemGroup>
  <ItemGroup>
    <ClInclude Include="..\..\thirdpart\network\src\Accepter.h">
      <Filter>src</Filter>
    </ClInclude>
    <ClInclude Include="..\..\thirdpart\network\src\Connecter.h">
      <Filter>src</Filter>
    </ClInclude>
    <ClInclude Include="..\..\thirdpart\network\src\Flowrate.h">
      <Filter>src</Filter>
    </ClInclude>
    <ClInclude Include="..\..\thirdpart\network\src\IoServicePool.h">
      <Filter>src</Filter>
    </ClInclude>
    <ClInclude Include="..\..\thirdpart\network\src\NetService.h">
      <Filter>src</Filter>
    </ClInclude>
    <ClInclude Include="..\..\thirdpart\network\src\SendReciver.h">
      <Filter>src</Filter>
    </ClInclude>
    <ClInclude Include="..\..\thirdpart\network\src\SockBase.h">
      <Filter>src</Filter>
    </ClInclude>
    <ClInclude Include="..\..\thirdpart\network\src\std.h">
      <Filter>src</Filter>
    </ClInclude>
    <ClInclude Include="..\..\thirdpart\network\src\templateTool\templateTool.h">
      <Filter>src\templateTool</Filter>
    </ClInclude>
    <ClInclude Include="..\..\thirdpart\network\src\templateTool\traits.h">
      <Filter>src\templateTool</Filter>
    </ClInclude>
  </ItemGroup>
</Project>
