<?xml version="1.0" encoding="utf-8"?>
<Project ToolsVersion="4.0" xmlns="http://schemas.microsoft.com/developer/msbuild/2003">
  <ItemGroup>
    <Filter Include="Server">
      <UniqueIdentifier>{C70677BE-D816-99AC-129B-0EE055A7950B}</UniqueIdentifier>
    </Filter>
  </ItemGroup>
  <ItemGroup>
    <ClCompile Include="..\..\Demos\Server\Server\lock.cpp">
      <Filter>Server</Filter>
    </ClCompile>
    <ClCompile Include="..\..\Demos\Server\Server\log.cpp">
      <Filter>Server</Filter>
    </ClCompile>
    <ClCompile Include="..\..\Demos\Server\Server\mainwindow.cpp">
      <Filter>Server</Filter>
    </ClCompile>
    <ClCompile Include="..\..\Demos\Server\Server\UIUserList.cpp">
      <Filter>Server</Filter>
    </ClCompile>
    <ClCompile Include="..\..\Demos\Server\Server\ClientSocket.cpp">
      <Filter>Server</Filter>
    </ClCompile>
    <ClCompile Include="..\..\Demos\Server\Server\Convert.cpp">
      <Filter>Server</Filter>
    </ClCompile>
    <ClCompile Include="..\..\Demos\Server\Server\Database.cpp">
      <Filter>Server</Filter>
    </ClCompile>
    <ClCompile Include="..\..\Demos\Server\Server\config.cpp">
      <Filter>Server</Filter>
    </ClCompile>
    <ClCompile Include="..\..\Demos\Server\Server\trayIcon.cpp">
      <Filter>Server</Filter>
    </ClCompile>
    <ClCompile Include="..\..\Demos\Server\Server\stdafx.cpp">
      <Filter>Server</Filter>
    </ClCompile>
    <ClCompile Include="..\..\Demos\Server\Server\Server.cpp">
      <Filter>Server</Filter>
    </ClCompile>
    <ClCompile Include="..\..\Demos\Server\Server\Msg.cpp">
      <Filter>Server</Filter>
    </ClCompile>
    <ClCompile Include="..\..\Demos\Server\Server\ListeningSocket.cpp">
      <Filter>Server</Filter>
    </ClCompile>
  </ItemGroup>
  <ItemGroup>
  </ItemGroup>
</Project>
