<?xml version="1.0" encoding="utf-8"?>
<Project ToolsVersion="4.0" xmlns="http://schemas.microsoft.com/developer/msbuild/2003">
  <ItemGroup>
    <Filter Include="src">
      <UniqueIdentifier>{AFD19EEF-3A3E-277D-9F05-B271490381AC}</UniqueIdentifier>
    </Filter>
  </ItemGroup>
  <ItemGroup>
    <ClCompile Include="..\..\thirdpart\lua51\src\lauxlib.c">
      <Filter>src</Filter>
    </ClCompile>
    <ClCompile Include="..\..\thirdpart\lua51\src\lmem.c">
      <Filter>src</Filter>
    </ClCompile>
    <ClCompile Include="..\..\thirdpart\lua51\src\lobject.c">
      <Filter>src</Filter>
    </ClCompile>
    <ClCompile Include="..\..\thirdpart\lua51\src\ldump.c">
      <Filter>src</Filter>
    </ClCompile>
    <ClCompile Include="..\..\thirdpart\lua51\src\ldebug.c">
      <Filter>src</Filter>
    </ClCompile>
    <ClCompile Include="..\..\thirdpart\lua51\src\ltm.c">
      <Filter>src</Filter>
    </ClCompile>
    <ClCompile Include="..\..\thirdpart\lua51\src\lzio.c">
      <Filter>src</Filter>
    </ClCompile>
    <ClCompile Include="..\..\thirdpart\lua51\src\lmathlib.c">
      <Filter>src</Filter>
    </ClCompile>
    <ClCompile Include="..\..\thirdpart\lua51\src\lvm.c">
      <Filter>src</Filter>
    </ClCompile>
    <ClCompile Include="..\..\thirdpart\lua51\src\lundump.c">
      <Filter>src</Filter>
    </ClCompile>
    <ClCompile Include="..\..\thirdpart\lua51\src\ltablib.c">
      <Filter>src</Filter>
    </ClCompile>
    <ClCompile Include="..\..\thirdpart\lua51\src\lbit.c">
      <Filter>src</Filter>
    </ClCompile>
    <ClCompile Include="..\..\thirdpart\lua51\src\lstring.c">
      <Filter>src</Filter>
    </ClCompile>
    <ClCompile Include="..\..\thirdpart\lua51\src\liolib.c">
      <Filter>src</Filter>
    </ClCompile>
    <ClCompile Include="..\..\thirdpart\lua51\src\lstrlib.c">
      <Filter>src</Filter>
    </ClCompile>
    <ClCompile Include="..\..\thirdpart\lua51\src\ltable.c">
      <Filter>src</Filter>
    </ClCompile>
    <ClCompile Include="..\..\thirdpart\lua51\src\lstate.c">
      <Filter>src</Filter>
    </ClCompile>
    <ClCompile Include="..\..\thirdpart\lua51\src\lcode.c">
      <Filter>src</Filter>
    </ClCompile>
    <ClCompile Include="..\..\thirdpart\lua51\src\lparser.c">
      <Filter>src</Filter>
    </ClCompile>
    <ClCompile Include="..\..\thirdpart\lua51\src\loslib.c">
      <Filter>src</Filter>
    </ClCompile>
    <ClCompile Include="..\..\thirdpart\lua51\src\lopcodes.c">
      <Filter>src</Filter>
    </ClCompile>
    <ClCompile Include="..\..\thirdpart\lua51\src\loadlib.c">
      <Filter>src</Filter>
    </ClCompile>
    <ClCompile Include="..\..\thirdpart\lua51\src\ldblib.c">
      <Filter>src</Filter>
    </ClCompile>
    <ClCompile Include="..\..\thirdpart\lua51\src\lapi.c">
      <Filter>src</Filter>
    </ClCompile>
    <ClCompile Include="..\..\thirdpart\lua51\src\ldo.c">
      <Filter>src</Filter>
    </ClCompile>
    <ClCompile Include="..\..\thirdpart\lua51\src\linit.c">
      <Filter>src</Filter>
    </ClCompile>
    <ClCompile Include="..\..\thirdpart\lua51\src\lfunc.c">
      <Filter>src</Filter>
    </ClCompile>
    <ClCompile Include="..\..\thirdpart\lua51\src\lbaselib.c">
      <Filter>src</Filter>
    </ClCompile>
    <ClCompile Include="..\..\thirdpart\lua51\src\lgc.c">
      <Filter>src</Filter>
    </ClCompile>
    <ClCompile Include="..\..\thirdpart\lua51\src\llex.c">
      <Filter>src</Filter>
    </ClCompile>
  </ItemGroup>
  <ItemGroup>
    <ClInclude Include="..\..\thirdpart\lua51\src\lapi.h">
      <Filter>src</Filter>
    </ClInclude>
    <ClInclude Include="..\..\thirdpart\lua51\src\lauxlib.h">
      <Filter>src</Filter>
    </ClInclude>
    <ClInclude Include="..\..\thirdpart\lua51\src\lcode.h">
      <Filter>src</Filter>
    </ClInclude>
    <ClInclude Include="..\..\thirdpart\lua51\src\ldebug.h">
      <Filter>src</Filter>
    </ClInclude>
    <ClInclude Include="..\..\thirdpart\lua51\src\ldo.h">
      <Filter>src</Filter>
    </ClInclude>
    <ClInclude Include="..\..\thirdpart\lua51\src\lfunc.h">
      <Filter>src</Filter>
    </ClInclude>
    <ClInclude Include="..\..\thirdpart\lua51\src\lgc.h">
      <Filter>src</Filter>
    </ClInclude>
    <ClInclude Include="..\..\thirdpart\lua51\src\llex.h">
      <Filter>src</Filter>
    </ClInclude>
    <ClInclude Include="..\..\thirdpart\lua51\src\llimits.h">
      <Filter>src</Filter>
    </ClInclude>
    <ClInclude Include="..\..\thirdpart\lua51\src\lmem.h">
      <Filter>src</Filter>
    </ClInclude>
    <ClInclude Include="..\..\thirdpart\lua51\src\lobject.h">
      <Filter>src</Filter>
    </ClInclude>
    <ClInclude Include="..\..\thirdpart\lua51\src\lopcodes.h">
      <Filter>src</Filter>
    </ClInclude>
    <ClInclude Include="..\..\thirdpart\lua51\src\lparser.h">
      <Filter>src</Filter>
    </ClInclude>
    <ClInclude Include="..\..\thirdpart\lua51\src\lstate.h">
      <Filter>src</Filter>
    </ClInclude>
    <ClInclude Include="..\..\thirdpart\lua51\src\lstring.h">
      <Filter>src</Filter>
    </ClInclude>
    <ClInclude Include="..\..\thirdpart\lua51\src\ltable.h">
      <Filter>src</Filter>
    </ClInclude>
    <ClInclude Include="..\..\thirdpart\lua51\src\ltm.h">
      <Filter>src</Filter>
    </ClInclude>
    <ClInclude Include="..\..\thirdpart\lua51\src\lua.h">
      <Filter>src</Filter>
    </ClInclude>
    <ClInclude Include="..\..\thirdpart\lua51\src\luaconf.h">
      <Filter>src</Filter>
    </ClInclude>
    <ClInclude Include="..\..\thirdpart\lua51\src\lualib.h">
      <Filter>src</Filter>
    </ClInclude>
    <ClInclude Include="..\..\thirdpart\lua51\src\lundump.h">
      <Filter>src</Filter>
    </ClInclude>
    <ClInclude Include="..\..\thirdpart\lua51\src\lvm.h">
      <Filter>src</Filter>
    </ClInclude>
    <ClInclude Include="..\..\thirdpart\lua51\src\lzio.h">
      <Filter>src</Filter>
    </ClInclude>
  </ItemGroup>
</Project>
