Microsoft Visual Studio Solution File, Format Version 12.00
# Visual Studio 2019
Project("{8BC9CEB8-8B4A-11D0-8D11-00A0C91BC942}") = "lua51", "lua51\lua51.vcxproj", "{EB9F7F8F-9C48-E05D-9725-68D16A56A1AC}"
EndProject
Project("{8BC9CEB8-8B4A-11D0-8D11-00A0C91BC942}") = "LuaDuiLib", "LuaDuiLib\LuaDuiLib.vcxproj", "{13A444E2-35A9-7E30-1880-71A40C5A01BF}"
	ProjectSection(ProjectDependencies) = postProject
		{5AEF9DC0-6BFF-BFAE-A684-34E2E990BB0D} = {5AEF9DC0-6BFF-BFAE-A684-34E2E990BB0D}
		{857D1353-A782-4CA1-8A59-40157E32D030} = {857D1353-A782-4CA1-8A59-40157E32D030}
		{EB9F7F8F-9C48-E05D-9725-68D16A56A1AC} = {EB9F7F8F-9C48-E05D-9725-68D16A56A1AC}
	EndProjectSection
EndProject
Project("{8BC9CEB8-8B4A-11D0-8D11-00A0C91BC942}") = "sqlite3", "sqlite3\sqlite3.vcxproj", "{92127E6C-E61E-6F7A-E738-C56E125913E9}"
EndProject
Project("{8BC9CEB8-8B4A-11D0-8D11-00A0C91BC942}") = "test_webservice", "test_webservice\test_webservice.vcxproj", "{CF67A1F5-826B-0403-0D8C-AFF772300CF2}"
	ProjectSection(ProjectDependencies) = postProject
		{218B0CE6-9B11-FF54-0E55-2F88BE5BD8F3} = {218B0CE6-9B11-FF54-0E55-2F88BE5BD8F3}
	EndProjectSection
EndProject
Project("{8BC9CEB8-8B4A-11D0-8D11-00A0C91BC942}") = "MainThreadTask", "MainThreadTask\MainThreadTask.vcxproj", "{C42E91A7-199D-3495-873E-5FC91F96DC74}"
EndProject
Project("{8BC9CEB8-8B4A-11D0-8D11-00A0C91BC942}") = "Agent", "Agent\Agent.vcxproj", "{B19F39B6-6248-9A84-5D25-22F830565BD3}"
	ProjectSection(ProjectDependencies) = postProject
		{0DFCE721-6F45-74CF-6507-44830B6D5B0E} = {0DFCE721-6F45-74CF-6507-44830B6D5B0E}
		{0951EF3B-5D5D-E049-5E78-363D899884B8} = {0951EF3B-5D5D-E049-5E78-363D899884B8}
	EndProjectSection
EndProject
Project("{8BC9CEB8-8B4A-11D0-8D11-00A0C91BC942}") = "RichListDemo", "RichListDemo\RichListDemo.vcxproj", "{4D1FC27E-24F7-F12C-4763-36E0D5BA93EB}"
	ProjectSection(ProjectDependencies) = postProject
		{5AEF9DC0-6BFF-BFAE-A684-34E2E990BB0D} = {5AEF9DC0-6BFF-BFAE-A684-34E2E990BB0D}
	EndProjectSection
EndProject
Project("{8BC9CEB8-8B4A-11D0-8D11-00A0C91BC942}") = "ScrCaptureDemo", "ScrCaptureDemo\ScrCaptureDemo.vcxproj", "{FB8CE718-50FB-8A06-BE9C-B53A56F531E5}"
	ProjectSection(ProjectDependencies) = postProject
		{5AEF9DC0-6BFF-BFAE-A684-34E2E990BB0D} = {5AEF9DC0-6BFF-BFAE-A684-34E2E990BB0D}
	EndProjectSection
EndProject
Project("{8BC9CEB8-8B4A-11D0-8D11-00A0C91BC942}") = "sqlite3cpp", "sqlite3cpp\sqlite3cpp.vcxproj", "{59C0ADDF-D347-A04D-468A-D081F69179EC}"
	ProjectSection(ProjectDependencies) = postProject
		{92127E6C-E61E-6F7A-E738-C56E125913E9} = {92127E6C-E61E-6F7A-E738-C56E125913E9}
	EndProjectSection
EndProject
Project("{8BC9CEB8-8B4A-11D0-8D11-00A0C91BC942}") = "DuiLib", "DuiLib\DuiLib.vcxproj", "{5AEF9DC0-6BFF-BFAE-A684-34E2E990BB0D}"
	ProjectSection(ProjectDependencies) = postProject
		{857D1353-A782-4CA1-8A59-40157E32D030} = {857D1353-A782-4CA1-8A59-40157E32D030}
	EndProjectSection
EndProject
Project("{8BC9CEB8-8B4A-11D0-8D11-00A0C91BC942}") = "test_play_plugin", "test_play_plugin\test_play_plugin.vcxproj", "{AEC4417A-F90F-90A8-4BAA-715CC36AF9A7}"
	ProjectSection(ProjectDependencies) = postProject
		{D7FDEE5B-24E4-27E9-078C-88DD10A80698} = {D7FDEE5B-24E4-27E9-078C-88DD10A80698}
	EndProjectSection
EndProject
Project("{8BC9CEB8-8B4A-11D0-8D11-00A0C91BC942}") = "DuiLibApp", "DuiLibApp\DuiLibApp.vcxproj", "{57B53FB1-79BA-78FF-5C91-6C73506AFC8E}"
	ProjectSection(ProjectDependencies) = postProject
		{5AEF9DC0-6BFF-BFAE-A684-34E2E990BB0D} = {5AEF9DC0-6BFF-BFAE-A684-34E2E990BB0D}
	EndProjectSection
EndProject
Project("{8BC9CEB8-8B4A-11D0-8D11-00A0C91BC942}") = "protos", "protos\protos.vcxproj", "{CE8D21CE-DF9D-43BC-1A21-B8F05D2E3F1B}"
	ProjectSection(ProjectDependencies) = postProject
		{B38DB008-B4E7-9E36-6A9A-88EAA0FA6AB5} = {B38DB008-B4E7-9E36-6A9A-88EAA0FA6AB5}
		{EB9F7F8F-9C48-E05D-9725-68D16A56A1AC} = {EB9F7F8F-9C48-E05D-9725-68D16A56A1AC}
	EndProjectSection
EndProject
Project("{8BC9CEB8-8B4A-11D0-8D11-00A0C91BC942}") = "wav_plugin", "wav_plugin\wav_plugin.vcxproj", "{3841C903-B1C8-BB71-250B-EBA5D5129510}"
	ProjectSection(ProjectDependencies) = postProject
		{0951EF3B-5D5D-E049-5E78-363D899884B8} = {0951EF3B-5D5D-E049-5E78-363D899884B8}
	EndProjectSection
EndProject
Project("{8BC9CEB8-8B4A-11D0-8D11-00A0C91BC942}") = "test_playcenter", "test_playcenter\test_playcenter.vcxproj", "{67F649FD-1AF9-AC0B-A61B-57FF0ABEB4FA}"
	ProjectSection(ProjectDependencies) = postProject
		{BA19B4EE-33A0-A75C-A6E3-D79056EA80FB} = {BA19B4EE-33A0-A75C-A6E3-D79056EA80FB}
	EndProjectSection
EndProject
Project("{8BC9CEB8-8B4A-11D0-8D11-00A0C91BC942}") = "http_plugin", "http_plugin\http_plugin.vcxproj", "{8413E3B5-D0FA-1D43-B3A2-7E37BCBDFBF2}"
EndProject
Project("{8BC9CEB8-8B4A-11D0-8D11-00A0C91BC942}") = "taglib_plugin", "taglib_plugin\taglib_plugin.vcxproj", "{10D31968-A0B3-0B36-9317-A9AA4D6C4105}"
	ProjectSection(ProjectDependencies) = postProject
		{5D547CBA-6E64-9EA8-A8E9-13DCEBF59A07} = {5D547CBA-6E64-9EA8-A8E9-13DCEBF59A07}
	EndProjectSection
EndProject
Project("{8BC9CEB8-8B4A-11D0-8D11-00A0C91BC942}") = "libFLib", "libFLib\libFLib.vcxproj", "{0951EF3B-5D5D-E049-5E78-363D899884B8}"
EndProject
Project("{8BC9CEB8-8B4A-11D0-8D11-00A0C91BC942}") = "libmad", "libmad\libmad.vcxproj", "{E95C9D20-FA6C-BF0E-34F1-344277FDBA6D}"
EndProject
Project("{8BC9CEB8-8B4A-11D0-8D11-00A0C91BC942}") = "ListDemo", "ListDemo\ListDemo.vcxproj", "{7B29EBC8-7C83-D9F6-3236-C4AA6896A675}"
	ProjectSection(ProjectDependencies) = postProject
		{5AEF9DC0-6BFF-BFAE-A684-34E2E990BB0D} = {5AEF9DC0-6BFF-BFAE-A684-34E2E990BB0D}
	EndProjectSection
EndProject
Project("{8BC9CEB8-8B4A-11D0-8D11-00A0C91BC942}") = "FLib", "FLib\FLib.vcxproj", "{A36A5894-04B2-E642-FA74-B5F6A0DACC81}"
EndProject
Project("{8BC9CEB8-8B4A-11D0-8D11-00A0C91BC942}") = "MyControls", "MyControls\MyControls.vcxproj", "{2E2BB8F1-A7B2-AB5F-1AF5-DB93CAFC84FE}"
	ProjectSection(ProjectDependencies) = postProject
		{5AEF9DC0-6BFF-BFAE-A684-34E2E990BB0D} = {5AEF9DC0-6BFF-BFAE-A684-34E2E990BB0D}
	EndProjectSection
EndProject
Project("{8BC9CEB8-8B4A-11D0-8D11-00A0C91BC942}") = "YMusic", "YMusic\YMusic.vcxproj", "{348CAC21-459C-CE0F-8021-4343C32DC96E}"
	ProjectSection(ProjectDependencies) = postProject
		{5AEF9DC0-6BFF-BFAE-A684-34E2E990BB0D} = {5AEF9DC0-6BFF-BFAE-A684-34E2E990BB0D}
		{218B0CE6-9B11-FF54-0E55-2F88BE5BD8F3} = {218B0CE6-9B11-FF54-0E55-2F88BE5BD8F3}
		{37AB760C-3905-643A-EEB8-4EEE251830B9} = {37AB760C-3905-643A-EEB8-4EEE251830B9}
		{BA19B4EE-33A0-A75C-A6E3-D79056EA80FB} = {BA19B4EE-33A0-A75C-A6E3-D79056EA80FB}
		{10D31968-A0B3-0B36-9317-A9AA4D6C4105} = {10D31968-A0B3-0B36-9317-A9AA4D6C4105}
		{8413E3B5-D0FA-1D43-B3A2-7E37BCBDFBF2} = {8413E3B5-D0FA-1D43-B3A2-7E37BCBDFBF2}
		{2E2BB8F1-A7B2-AB5F-1AF5-DB93CAFC84FE} = {2E2BB8F1-A7B2-AB5F-1AF5-DB93CAFC84FE}
		{857D1353-A782-4CA1-8A59-40157E32D030} = {857D1353-A782-4CA1-8A59-40157E32D030}
	EndProjectSection
EndProject
Project("{8BC9CEB8-8B4A-11D0-8D11-00A0C91BC942}") = "mp3_plugin", "mp3_plugin\mp3_plugin.vcxproj", "{5852F915-D1D9-EB83-451D-1BB7F523C522}"
	ProjectSection(ProjectDependencies) = postProject
		{E95C9D20-FA6C-BF0E-34F1-344277FDBA6D} = {E95C9D20-FA6C-BF0E-34F1-344277FDBA6D}
		{A85FFDAA-CA65-36F8-AD3C-2A6CA115BA87} = {A85FFDAA-CA65-36F8-AD3C-2A6CA115BA87}
		{32270DE8-936F-9B96-8931-6B4A2F9781D5} = {32270DE8-936F-9B96-8931-6B4A2F9781D5}
		{0951EF3B-5D5D-E049-5E78-363D899884B8} = {0951EF3B-5D5D-E049-5E78-363D899884B8}
	EndProjectSection
EndProject
Project("{8BC9CEB8-8B4A-11D0-8D11-00A0C91BC942}") = "json", "json\json.vcxproj", "{0DFCE721-6F45-74CF-6507-44830B6D5B0E}"
EndProject
Project("{8BC9CEB8-8B4A-11D0-8D11-00A0C91BC942}") = "test_lua", "test_lua\test_lua.vcxproj", "{85097398-8663-61C6-3C16-4C7A72762E45}"
	ProjectSection(ProjectDependencies) = postProject
		{EB9F7F8F-9C48-E05D-9725-68D16A56A1AC} = {EB9F7F8F-9C48-E05D-9725-68D16A56A1AC}
	EndProjectSection
EndProject
Project("{8BC9CEB8-8B4A-11D0-8D11-00A0C91BC942}") = "DuiDesigner", "DuiDesigner\DuiDesigner.vcxproj", "{A6FAE74A-F3E1-20D8-D689-81CCDFA4FF87}"
	ProjectSection(ProjectDependencies) = postProject
		{5AEF9DC0-6BFF-BFAE-A684-34E2E990BB0D} = {5AEF9DC0-6BFF-BFAE-A684-34E2E990BB0D}
	EndProjectSection
EndProject
Project("{8BC9CEB8-8B4A-11D0-8D11-00A0C91BC942}") = "test_flib", "test_flib\test_flib.vcxproj", "{936CC683-B571-FFD1-9848-F3458C228360}"
	ProjectSection(ProjectDependencies) = postProject
		{0951EF3B-5D5D-E049-5E78-363D899884B8} = {0951EF3B-5D5D-E049-5E78-363D899884B8}
	EndProjectSection
EndProject
Project("{8BC9CEB8-8B4A-11D0-8D11-00A0C91BC942}") = "general_plugin", "general_plugin\general_plugin.vcxproj", "{1DFC77D3-736B-1AC1-E10C-45F57964C2A0}"
	ProjectSection(ProjectDependencies) = postProject
		{0951EF3B-5D5D-E049-5E78-363D899884B8} = {0951EF3B-5D5D-E049-5E78-363D899884B8}
	EndProjectSection
EndProject
Project("{8BC9CEB8-8B4A-11D0-8D11-00A0C91BC942}") = "LuaMyControls", "LuaMyControls\LuaMyControls.vcxproj", "{20B1EB93-B091-DD61-A2F6-7BD55D4B1330}"
	ProjectSection(ProjectDependencies) = postProject
		{13A444E2-35A9-7E30-1880-71A40C5A01BF} = {13A444E2-35A9-7E30-1880-71A40C5A01BF}
		{2E2BB8F1-A7B2-AB5F-1AF5-DB93CAFC84FE} = {2E2BB8F1-A7B2-AB5F-1AF5-DB93CAFC84FE}
	EndProjectSection
EndProject
Project("{8BC9CEB8-8B4A-11D0-8D11-00A0C91BC942}") = "test_http_plugin", "test_http_plugin\test_http_plugin.vcxproj", "{5ADA36D4-A525-8602-F7C0-66B66F80EF01}"
	ProjectSection(ProjectDependencies) = postProject
		{8413E3B5-D0FA-1D43-B3A2-7E37BCBDFBF2} = {8413E3B5-D0FA-1D43-B3A2-7E37BCBDFBF2}
	EndProjectSection
EndProject
Project("{8BC9CEB8-8B4A-11D0-8D11-00A0C91BC942}") = "operationQ", "operationQ\operationQ.vcxproj", "{59EF5D79-D376-4FE7-46B9-801BF6C02986}"
EndProject
Project("{8BC9CEB8-8B4A-11D0-8D11-00A0C91BC942}") = "LuaDuiLibApp", "LuaDuiLibApp\LuaDuiLibApp.vcxproj", "{CD0E7C73-A4E6-AB21-C751-F0D555A94DE0}"
	ProjectSection(ProjectDependencies) = postProject
		{13A444E2-35A9-7E30-1880-71A40C5A01BF} = {13A444E2-35A9-7E30-1880-71A40C5A01BF}
		{CE8D21CE-DF9D-43BC-1A21-B8F05D2E3F1B} = {CE8D21CE-DF9D-43BC-1A21-B8F05D2E3F1B}
		{20B1EB93-B091-DD61-A2F6-7BD55D4B1330} = {20B1EB93-B091-DD61-A2F6-7BD55D4B1330}
	EndProjectSection
EndProject
Project("{8BC9CEB8-8B4A-11D0-8D11-00A0C91BC942}") = "playerQ", "playerQ\playerQ.vcxproj", "{706A4975-C476-3A83-C590-9077F0B0DEF2}"
EndProject
Project("{8BC9CEB8-8B4A-11D0-8D11-00A0C91BC942}") = "webservice", "webservice\webservice.vcxproj", "{218B0CE6-9B11-FF54-0E55-2F88BE5BD8F3}"
	ProjectSection(ProjectDependencies) = postProject
		{4D775831-A183-493F-A29D-9F33CDBDEDAE} = {4D775831-A183-493F-A29D-9F33CDBDEDAE}
		{32270DE8-936F-9B96-8931-6B4A2F9781D5} = {32270DE8-936F-9B96-8931-6B4A2F9781D5}
		{0951EF3B-5D5D-E049-5E78-363D899884B8} = {0951EF3B-5D5D-E049-5E78-363D899884B8}
	EndProjectSection
EndProject
Project("{8BC9CEB8-8B4A-11D0-8D11-00A0C91BC942}") = "ClientDemo", "ClientDemo\ClientDemo.vcxproj", "{98F6ED2B-127D-DF99-85C1-0FCD35C7B938}"
	ProjectSection(ProjectDependencies) = postProject
		{5AEF9DC0-6BFF-BFAE-A684-34E2E990BB0D} = {5AEF9DC0-6BFF-BFAE-A684-34E2E990BB0D}
		{0DFCE721-6F45-74CF-6507-44830B6D5B0E} = {0DFCE721-6F45-74CF-6507-44830B6D5B0E}
		{857D1353-A782-4CA1-8A59-40157E32D030} = {857D1353-A782-4CA1-8A59-40157E32D030}
	EndProjectSection
EndProject
Project("{8BC9CEB8-8B4A-11D0-8D11-00A0C91BC942}") = "ServerDemo", "ServerDemo\ServerDemo.vcxproj", "{65E1A943-DF68-9BB1-52AB-CBE502B27550}"
	ProjectSection(ProjectDependencies) = postProject
		{5AEF9DC0-6BFF-BFAE-A684-34E2E990BB0D} = {5AEF9DC0-6BFF-BFAE-A684-34E2E990BB0D}
		{59C0ADDF-D347-A04D-468A-D081F69179EC} = {59C0ADDF-D347-A04D-468A-D081F69179EC}
		{857D1353-A782-4CA1-8A59-40157E32D030} = {857D1353-A782-4CA1-8A59-40157E32D030}
	EndProjectSection
EndProject
Project("{8BC9CEB8-8B4A-11D0-8D11-00A0C91BC942}") = "zlib", "zlib\zlib.vcxproj", "{32270DE8-936F-9B96-8931-6B4A2F9781D5}"
EndProject
Project("{8BC9CEB8-8B4A-11D0-8D11-00A0C91BC942}") = "libid3tag", "libid3tag\libid3tag.vcxproj", "{A85FFDAA-CA65-36F8-AD3C-2A6CA115BA87}"
EndProject
Project("{8BC9CEB8-8B4A-11D0-8D11-00A0C91BC942}") = "ConvexBrowser", "ConvexBrowser\ConvexBrowser.vcxproj", "{197EDB5E-A95E-CD2C-9BC3-6BA0561802FB}"
	ProjectSection(ProjectDependencies) = postProject
		{2E2BB8F1-A7B2-AB5F-1AF5-DB93CAFC84FE} = {2E2BB8F1-A7B2-AB5F-1AF5-DB93CAFC84FE}
	EndProjectSection
EndProject
Project("{8BC9CEB8-8B4A-11D0-8D11-00A0C91BC942}") = "360SafeDemo", "360SafeDemo\360SafeDemo.vcxproj", "{0FD353B4-5CB9-8D42-3F61-EE36487D6BF1}"
	ProjectSection(ProjectDependencies) = postProject
		{5AEF9DC0-6BFF-BFAE-A684-34E2E990BB0D} = {5AEF9DC0-6BFF-BFAE-A684-34E2E990BB0D}
	EndProjectSection
EndProject
Project("{8BC9CEB8-8B4A-11D0-8D11-00A0C91BC942}") = "lpeg", "lpeg\lpeg.vcxproj", "{E11F55CF-4267-E37D-3829-B331DE8FC9BC}"
	ProjectSection(ProjectDependencies) = postProject
		{EB9F7F8F-9C48-E05D-9725-68D16A56A1AC} = {EB9F7F8F-9C48-E05D-9725-68D16A56A1AC}
	EndProjectSection
EndProject
Project("{8BC9CEB8-8B4A-11D0-8D11-00A0C91BC942}") = "play_plugin", "play_plugin\play_plugin.vcxproj", "{D7FDEE5B-24E4-27E9-078C-88DD10A80698}"
	ProjectSection(ProjectDependencies) = postProject
		{5852F915-D1D9-EB83-451D-1BB7F523C522} = {5852F915-D1D9-EB83-451D-1BB7F523C522}
		{3841C903-B1C8-BB71-250B-EBA5D5129510} = {3841C903-B1C8-BB71-250B-EBA5D5129510}
		{1DFC77D3-736B-1AC1-E10C-45F57964C2A0} = {1DFC77D3-736B-1AC1-E10C-45F57964C2A0}
		{59EF5D79-D376-4FE7-46B9-801BF6C02986} = {59EF5D79-D376-4FE7-46B9-801BF6C02986}
		{0951EF3B-5D5D-E049-5E78-363D899884B8} = {0951EF3B-5D5D-E049-5E78-363D899884B8}
	EndProjectSection
EndProject
Project("{8BC9CEB8-8B4A-11D0-8D11-00A0C91BC942}") = "luaext", "luaext\luaext.vcxproj", "{41F4866A-5304-A858-8D89-1D8CD095A3B7}"
	ProjectSection(ProjectDependencies) = postProject
		{37AB760C-3905-643A-EEB8-4EEE251830B9} = {37AB760C-3905-643A-EEB8-4EEE251830B9}
		{BA19B4EE-33A0-A75C-A6E3-D79056EA80FB} = {BA19B4EE-33A0-A75C-A6E3-D79056EA80FB}
		{10D31968-A0B3-0B36-9317-A9AA4D6C4105} = {10D31968-A0B3-0B36-9317-A9AA4D6C4105}
		{C42E91A7-199D-3495-873E-5FC91F96DC74} = {C42E91A7-199D-3495-873E-5FC91F96DC74}
		{EB9F7F8F-9C48-E05D-9725-68D16A56A1AC} = {EB9F7F8F-9C48-E05D-9725-68D16A56A1AC}
		{0951EF3B-5D5D-E049-5E78-363D899884B8} = {0951EF3B-5D5D-E049-5E78-363D899884B8}
	EndProjectSection
EndProject
Project("{8BC9CEB8-8B4A-11D0-8D11-00A0C91BC942}") = "GameDemo", "GameDemo\GameDemo.vcxproj", "{68986596-69F2-53C4-1FA5-3E7856052043}"
	ProjectSection(ProjectDependencies) = postProject
		{5AEF9DC0-6BFF-BFAE-A684-34E2E990BB0D} = {5AEF9DC0-6BFF-BFAE-A684-34E2E990BB0D}
	EndProjectSection
EndProject
Project("{8BC9CEB8-8B4A-11D0-8D11-00A0C91BC942}") = "database", "database\database.vcxproj", "{37AB760C-3905-643A-EEB8-4EEE251830B9}"
	ProjectSection(ProjectDependencies) = postProject
		{59C0ADDF-D347-A04D-468A-D081F69179EC} = {59C0ADDF-D347-A04D-468A-D081F69179EC}
	EndProjectSection
EndProject
Project("{8BC9CEB8-8B4A-11D0-8D11-00A0C91BC942}") = "protobuf", "protobuf\protobuf.vcxproj", "{B38DB008-B4E7-9E36-6A9A-88EAA0FA6AB5}"
EndProject
Project("{8BC9CEB8-8B4A-11D0-8D11-00A0C91BC942}") = "taglib", "taglib\taglib.vcxproj", "{5D547CBA-6E64-9EA8-A8E9-13DCEBF59A07}"
EndProject
Project("{8BC9CEB8-8B4A-11D0-8D11-00A0C91BC942}") = "network", "network\network.vcxproj", "{4D775831-A183-493F-A29D-9F33CDBDEDAE}"
	ProjectSection(ProjectDependencies) = postProject
		{0951EF3B-5D5D-E049-5E78-363D899884B8} = {0951EF3B-5D5D-E049-5E78-363D899884B8}
	EndProjectSection
EndProject
Project("{8BC9CEB8-8B4A-11D0-8D11-00A0C91BC942}") = "StackDump", "StackDump\StackDump.vcxproj", "{857D1353-A782-4CA1-8A59-40157E32D030}"
EndProject
Project("{8BC9CEB8-8B4A-11D0-8D11-00A0C91BC942}") = "playcenter", "playcenter\playcenter.vcxproj", "{BA19B4EE-33A0-A75C-A6E3-D79056EA80FB}"
	ProjectSection(ProjectDependencies) = postProject
		{0951EF3B-5D5D-E049-5E78-363D899884B8} = {0951EF3B-5D5D-E049-5E78-363D899884B8}
	EndProjectSection
EndProject
Project("{8BC9CEB8-8B4A-11D0-8D11-00A0C91BC942}") = "TestApp1", "TestApp1\TestApp1.vcxproj", "{63CD9A89-6527-88B7-1ADA-736B513A5536}"
	ProjectSection(ProjectDependencies) = postProject
		{5AEF9DC0-6BFF-BFAE-A684-34E2E990BB0D} = {5AEF9DC0-6BFF-BFAE-A684-34E2E990BB0D}
	EndProjectSection
EndProject
Project("{2150E333-8FDC-42A3-9474-1A3956D46DE8}") = "lua", "lua", "{7C5B2CF9-06C7-B587-6B8F-407B158D0FB6}"
EndProject
Project("{2150E333-8FDC-42A3-9474-1A3956D46DE8}") = "demos", "demos", "{CA4018DF-7AE9-79AD-75C6-022148F73AFC}"
EndProject
Project("{2150E333-8FDC-42A3-9474-1A3956D46DE8}") = "sql", "sql", "{AC1EC487-368B-4D15-9B52-D8094550A744}"
EndProject
Project("{2150E333-8FDC-42A3-9474-1A3956D46DE8}") = "tag", "tag", "{C1E22793-4C4E-B021-B116-3B155B140A50}"
EndProject
Project("{2150E333-8FDC-42A3-9474-1A3956D46DE8}") = "pb", "pb", "{B000E5C9-2D83-1737-5438-116BB9AE2456}"
EndProject
Project("{2150E333-8FDC-42A3-9474-1A3956D46DE8}") = "networks", "networks", "{9EA27264-9FFC-6092-55AF-4B468C0F2D11}"
EndProject
Project("{2150E333-8FDC-42A3-9474-1A3956D46DE8}") = "dui", "dui", "{EB8E85F9-75FB-0E87-DAC2-997B84C068B6}"
EndProject
Project("{2150E333-8FDC-42A3-9474-1A3956D46DE8}") = "FStdLib", "FStdLib", "{21F41EEF-7600-0FFD-771A-65F1A23AB46C}"
EndProject
Project("{2150E333-8FDC-42A3-9474-1A3956D46DE8}") = "thirdpart", "thirdpart", "{8E3839F9-B03D-7347-9314-66BB86EDF6D6}"
EndProject
Project("{2150E333-8FDC-42A3-9474-1A3956D46DE8}") = "examples", "examples", "{D1250956-D27E-F784-8831-E238BE91C403}"
EndProject
Project("{2150E333-8FDC-42A3-9474-1A3956D46DE8}") = "play_plugins", "play_plugins", "{33A9CFEE-0B81-FE9C-2DED-4450BC44A15B}"
EndProject
Global
	GlobalSection(SolutionConfigurationPlatforms) = preSolution
		release|Win32 = release|Win32
		release|x64 = release|x64
		debug|Win32 = debug|Win32
		debug|x64 = debug|x64
	EndGlobalSection
	GlobalSection(ProjectConfigurationPlatforms) = postSolution
		{EB9F7F8F-9C48-E05D-9725-68D16A56A1AC}.release|Win32.ActiveCfg = release|Win32
		{EB9F7F8F-9C48-E05D-9725-68D16A56A1AC}.release|Win32.Build.0 = release|Win32
		{EB9F7F8F-9C48-E05D-9725-68D16A56A1AC}.release|x64.ActiveCfg = release|x64
		{EB9F7F8F-9C48-E05D-9725-68D16A56A1AC}.release|x64.Build.0 = release|x64
		{EB9F7F8F-9C48-E05D-9725-68D16A56A1AC}.debug|Win32.ActiveCfg = debug|Win32
		{EB9F7F8F-9C48-E05D-9725-68D16A56A1AC}.debug|Win32.Build.0 = debug|Win32
		{EB9F7F8F-9C48-E05D-9725-68D16A56A1AC}.debug|x64.ActiveCfg = debug|x64
		{EB9F7F8F-9C48-E05D-9725-68D16A56A1AC}.debug|x64.Build.0 = debug|x64
		{13A444E2-35A9-7E30-1880-71A40C5A01BF}.release|Win32.ActiveCfg = release|Win32
		{13A444E2-35A9-7E30-1880-71A40C5A01BF}.release|Win32.Build.0 = release|Win32
		{13A444E2-35A9-7E30-1880-71A40C5A01BF}.release|x64.ActiveCfg = release|x64
		{13A444E2-35A9-7E30-1880-71A40C5A01BF}.release|x64.Build.0 = release|x64
		{13A444E2-35A9-7E30-1880-71A40C5A01BF}.debug|Win32.ActiveCfg = debug|Win32
		{13A444E2-35A9-7E30-1880-71A40C5A01BF}.debug|Win32.Build.0 = debug|Win32
		{13A444E2-35A9-7E30-1880-71A40C5A01BF}.debug|x64.ActiveCfg = debug|x64
		{13A444E2-35A9-7E30-1880-71A40C5A01BF}.debug|x64.Build.0 = debug|x64
		{92127E6C-E61E-6F7A-E738-C56E125913E9}.release|Win32.ActiveCfg = release|Win32
		{92127E6C-E61E-6F7A-E738-C56E125913E9}.release|Win32.Build.0 = release|Win32
		{92127E6C-E61E-6F7A-E738-C56E125913E9}.release|x64.ActiveCfg = release|x64
		{92127E6C-E61E-6F7A-E738-C56E125913E9}.release|x64.Build.0 = release|x64
		{92127E6C-E61E-6F7A-E738-C56E125913E9}.debug|Win32.ActiveCfg = debug|Win32
		{92127E6C-E61E-6F7A-E738-C56E125913E9}.debug|Win32.Build.0 = debug|Win32
		{92127E6C-E61E-6F7A-E738-C56E125913E9}.debug|x64.ActiveCfg = debug|x64
		{92127E6C-E61E-6F7A-E738-C56E125913E9}.debug|x64.Build.0 = debug|x64
		{CF67A1F5-826B-0403-0D8C-AFF772300CF2}.release|Win32.ActiveCfg = release|Win32
		{CF67A1F5-826B-0403-0D8C-AFF772300CF2}.release|Win32.Build.0 = release|Win32
		{CF67A1F5-826B-0403-0D8C-AFF772300CF2}.release|x64.ActiveCfg = release|x64
		{CF67A1F5-826B-0403-0D8C-AFF772300CF2}.release|x64.Build.0 = release|x64
		{CF67A1F5-826B-0403-0D8C-AFF772300CF2}.debug|Win32.ActiveCfg = debug|Win32
		{CF67A1F5-826B-0403-0D8C-AFF772300CF2}.debug|Win32.Build.0 = debug|Win32
		{CF67A1F5-826B-0403-0D8C-AFF772300CF2}.debug|x64.ActiveCfg = debug|x64
		{CF67A1F5-826B-0403-0D8C-AFF772300CF2}.debug|x64.Build.0 = debug|x64
		{C42E91A7-199D-3495-873E-5FC91F96DC74}.release|Win32.ActiveCfg = release|Win32
		{C42E91A7-199D-3495-873E-5FC91F96DC74}.release|Win32.Build.0 = release|Win32
		{C42E91A7-199D-3495-873E-5FC91F96DC74}.release|x64.ActiveCfg = release|x64
		{C42E91A7-199D-3495-873E-5FC91F96DC74}.release|x64.Build.0 = release|x64
		{C42E91A7-199D-3495-873E-5FC91F96DC74}.debug|Win32.ActiveCfg = debug|Win32
		{C42E91A7-199D-3495-873E-5FC91F96DC74}.debug|Win32.Build.0 = debug|Win32
		{C42E91A7-199D-3495-873E-5FC91F96DC74}.debug|x64.ActiveCfg = debug|x64
		{C42E91A7-199D-3495-873E-5FC91F96DC74}.debug|x64.Build.0 = debug|x64
		{B19F39B6-6248-9A84-5D25-22F830565BD3}.release|Win32.ActiveCfg = release|Win32
		{B19F39B6-6248-9A84-5D25-22F830565BD3}.release|Win32.Build.0 = release|Win32
		{B19F39B6-6248-9A84-5D25-22F830565BD3}.release|x64.ActiveCfg = release|x64
		{B19F39B6-6248-9A84-5D25-22F830565BD3}.release|x64.Build.0 = release|x64
		{B19F39B6-6248-9A84-5D25-22F830565BD3}.debug|Win32.ActiveCfg = debug|Win32
		{B19F39B6-6248-9A84-5D25-22F830565BD3}.debug|Win32.Build.0 = debug|Win32
		{B19F39B6-6248-9A84-5D25-22F830565BD3}.debug|x64.ActiveCfg = debug|x64
		{B19F39B6-6248-9A84-5D25-22F830565BD3}.debug|x64.Build.0 = debug|x64
		{4D1FC27E-24F7-F12C-4763-36E0D5BA93EB}.release|Win32.ActiveCfg = release|Win32
		{4D1FC27E-24F7-F12C-4763-36E0D5BA93EB}.release|Win32.Build.0 = release|Win32
		{4D1FC27E-24F7-F12C-4763-36E0D5BA93EB}.release|x64.ActiveCfg = release|x64
		{4D1FC27E-24F7-F12C-4763-36E0D5BA93EB}.release|x64.Build.0 = release|x64
		{4D1FC27E-24F7-F12C-4763-36E0D5BA93EB}.debug|Win32.ActiveCfg = debug|Win32
		{4D1FC27E-24F7-F12C-4763-36E0D5BA93EB}.debug|Win32.Build.0 = debug|Win32
		{4D1FC27E-24F7-F12C-4763-36E0D5BA93EB}.debug|x64.ActiveCfg = debug|x64
		{4D1FC27E-24F7-F12C-4763-36E0D5BA93EB}.debug|x64.Build.0 = debug|x64
		{FB8CE718-50FB-8A06-BE9C-B53A56F531E5}.release|Win32.ActiveCfg = release|Win32
		{FB8CE718-50FB-8A06-BE9C-B53A56F531E5}.release|Win32.Build.0 = release|Win32
		{FB8CE718-50FB-8A06-BE9C-B53A56F531E5}.release|x64.ActiveCfg = release|x64
		{FB8CE718-50FB-8A06-BE9C-B53A56F531E5}.release|x64.Build.0 = release|x64
		{FB8CE718-50FB-8A06-BE9C-B53A56F531E5}.debug|Win32.ActiveCfg = debug|Win32
		{FB8CE718-50FB-8A06-BE9C-B53A56F531E5}.debug|Win32.Build.0 = debug|Win32
		{FB8CE718-50FB-8A06-BE9C-B53A56F531E5}.debug|x64.ActiveCfg = debug|x64
		{FB8CE718-50FB-8A06-BE9C-B53A56F531E5}.debug|x64.Build.0 = debug|x64
		{59C0ADDF-D347-A04D-468A-D081F69179EC}.release|Win32.ActiveCfg = release|Win32
		{59C0ADDF-D347-A04D-468A-D081F69179EC}.release|Win32.Build.0 = release|Win32
		{59C0ADDF-D347-A04D-468A-D081F69179EC}.release|x64.ActiveCfg = release|x64
		{59C0ADDF-D347-A04D-468A-D081F69179EC}.release|x64.Build.0 = release|x64
		{59C0ADDF-D347-A04D-468A-D081F69179EC}.debug|Win32.ActiveCfg = debug|Win32
		{59C0ADDF-D347-A04D-468A-D081F69179EC}.debug|Win32.Build.0 = debug|Win32
		{59C0ADDF-D347-A04D-468A-D081F69179EC}.debug|x64.ActiveCfg = debug|x64
		{59C0ADDF-D347-A04D-468A-D081F69179EC}.debug|x64.Build.0 = debug|x64
		{5AEF9DC0-6BFF-BFAE-A684-34E2E990BB0D}.release|Win32.ActiveCfg = release|Win32
		{5AEF9DC0-6BFF-BFAE-A684-34E2E990BB0D}.release|Win32.Build.0 = release|Win32
		{5AEF9DC0-6BFF-BFAE-A684-34E2E990BB0D}.release|x64.ActiveCfg = release|x64
		{5AEF9DC0-6BFF-BFAE-A684-34E2E990BB0D}.release|x64.Build.0 = release|x64
		{5AEF9DC0-6BFF-BFAE-A684-34E2E990BB0D}.debug|Win32.ActiveCfg = debug|Win32
		{5AEF9DC0-6BFF-BFAE-A684-34E2E990BB0D}.debug|Win32.Build.0 = debug|Win32
		{5AEF9DC0-6BFF-BFAE-A684-34E2E990BB0D}.debug|x64.ActiveCfg = debug|x64
		{5AEF9DC0-6BFF-BFAE-A684-34E2E990BB0D}.debug|x64.Build.0 = debug|x64
		{AEC4417A-F90F-90A8-4BAA-715CC36AF9A7}.release|Win32.ActiveCfg = release|Win32
		{AEC4417A-F90F-90A8-4BAA-715CC36AF9A7}.release|Win32.Build.0 = release|Win32
		{AEC4417A-F90F-90A8-4BAA-715CC36AF9A7}.release|x64.ActiveCfg = release|x64
		{AEC4417A-F90F-90A8-4BAA-715CC36AF9A7}.release|x64.Build.0 = release|x64
		{AEC4417A-F90F-90A8-4BAA-715CC36AF9A7}.debug|Win32.ActiveCfg = debug|Win32
		{AEC4417A-F90F-90A8-4BAA-715CC36AF9A7}.debug|Win32.Build.0 = debug|Win32
		{AEC4417A-F90F-90A8-4BAA-715CC36AF9A7}.debug|x64.ActiveCfg = debug|x64
		{AEC4417A-F90F-90A8-4BAA-715CC36AF9A7}.debug|x64.Build.0 = debug|x64
		{57B53FB1-79BA-78FF-5C91-6C73506AFC8E}.release|Win32.ActiveCfg = release|Win32
		{57B53FB1-79BA-78FF-5C91-6C73506AFC8E}.release|Win32.Build.0 = release|Win32
		{57B53FB1-79BA-78FF-5C91-6C73506AFC8E}.release|x64.ActiveCfg = release|x64
		{57B53FB1-79BA-78FF-5C91-6C73506AFC8E}.release|x64.Build.0 = release|x64
		{57B53FB1-79BA-78FF-5C91-6C73506AFC8E}.debug|Win32.ActiveCfg = debug|Win32
		{57B53FB1-79BA-78FF-5C91-6C73506AFC8E}.debug|Win32.Build.0 = debug|Win32
		{57B53FB1-79BA-78FF-5C91-6C73506AFC8E}.debug|x64.ActiveCfg = debug|x64
		{57B53FB1-79BA-78FF-5C91-6C73506AFC8E}.debug|x64.Build.0 = debug|x64
		{CE8D21CE-DF9D-43BC-1A21-B8F05D2E3F1B}.release|Win32.ActiveCfg = release|Win32
		{CE8D21CE-DF9D-43BC-1A21-B8F05D2E3F1B}.release|Win32.Build.0 = release|Win32
		{CE8D21CE-DF9D-43BC-1A21-B8F05D2E3F1B}.release|x64.ActiveCfg = release|x64
		{CE8D21CE-DF9D-43BC-1A21-B8F05D2E3F1B}.release|x64.Build.0 = release|x64
		{CE8D21CE-DF9D-43BC-1A21-B8F05D2E3F1B}.debug|Win32.ActiveCfg = debug|Win32
		{CE8D21CE-DF9D-43BC-1A21-B8F05D2E3F1B}.debug|Win32.Build.0 = debug|Win32
		{CE8D21CE-DF9D-43BC-1A21-B8F05D2E3F1B}.debug|x64.ActiveCfg = debug|x64
		{CE8D21CE-DF9D-43BC-1A21-B8F05D2E3F1B}.debug|x64.Build.0 = debug|x64
		{3841C903-B1C8-BB71-250B-EBA5D5129510}.release|Win32.ActiveCfg = release|Win32
		{3841C903-B1C8-BB71-250B-EBA5D5129510}.release|Win32.Build.0 = release|Win32
		{3841C903-B1C8-BB71-250B-EBA5D5129510}.release|x64.ActiveCfg = release|x64
		{3841C903-B1C8-BB71-250B-EBA5D5129510}.release|x64.Build.0 = release|x64
		{3841C903-B1C8-BB71-250B-EBA5D5129510}.debug|Win32.ActiveCfg = debug|Win32
		{3841C903-B1C8-BB71-250B-EBA5D5129510}.debug|Win32.Build.0 = debug|Win32
		{3841C903-B1C8-BB71-250B-EBA5D5129510}.debug|x64.ActiveCfg = debug|x64
		{3841C903-B1C8-BB71-250B-EBA5D5129510}.debug|x64.Build.0 = debug|x64
		{67F649FD-1AF9-AC0B-A61B-57FF0ABEB4FA}.release|Win32.ActiveCfg = release|Win32
		{67F649FD-1AF9-AC0B-A61B-57FF0ABEB4FA}.release|Win32.Build.0 = release|Win32
		{67F649FD-1AF9-AC0B-A61B-57FF0ABEB4FA}.release|x64.ActiveCfg = release|x64
		{67F649FD-1AF9-AC0B-A61B-57FF0ABEB4FA}.release|x64.Build.0 = release|x64
		{67F649FD-1AF9-AC0B-A61B-57FF0ABEB4FA}.debug|Win32.ActiveCfg = debug|Win32
		{67F649FD-1AF9-AC0B-A61B-57FF0ABEB4FA}.debug|Win32.Build.0 = debug|Win32
		{67F649FD-1AF9-AC0B-A61B-57FF0ABEB4FA}.debug|x64.ActiveCfg = debug|x64
		{67F649FD-1AF9-AC0B-A61B-57FF0ABEB4FA}.debug|x64.Build.0 = debug|x64
		{8413E3B5-D0FA-1D43-B3A2-7E37BCBDFBF2}.release|Win32.ActiveCfg = release|Win32
		{8413E3B5-D0FA-1D43-B3A2-7E37BCBDFBF2}.release|Win32.Build.0 = release|Win32
		{8413E3B5-D0FA-1D43-B3A2-7E37BCBDFBF2}.release|x64.ActiveCfg = release|x64
		{8413E3B5-D0FA-1D43-B3A2-7E37BCBDFBF2}.release|x64.Build.0 = release|x64
		{8413E3B5-D0FA-1D43-B3A2-7E37BCBDFBF2}.debug|Win32.ActiveCfg = debug|Win32
		{8413E3B5-D0FA-1D43-B3A2-7E37BCBDFBF2}.debug|Win32.Build.0 = debug|Win32
		{8413E3B5-D0FA-1D43-B3A2-7E37BCBDFBF2}.debug|x64.ActiveCfg = debug|x64
		{8413E3B5-D0FA-1D43-B3A2-7E37BCBDFBF2}.debug|x64.Build.0 = debug|x64
		{10D31968-A0B3-0B36-9317-A9AA4D6C4105}.release|Win32.ActiveCfg = release|Win32
		{10D31968-A0B3-0B36-9317-A9AA4D6C4105}.release|Win32.Build.0 = release|Win32
		{10D31968-A0B3-0B36-9317-A9AA4D6C4105}.release|x64.ActiveCfg = release|x64
		{10D31968-A0B3-0B36-9317-A9AA4D6C4105}.release|x64.Build.0 = release|x64
		{10D31968-A0B3-0B36-9317-A9AA4D6C4105}.debug|Win32.ActiveCfg = debug|Win32
		{10D31968-A0B3-0B36-9317-A9AA4D6C4105}.debug|Win32.Build.0 = debug|Win32
		{10D31968-A0B3-0B36-9317-A9AA4D6C4105}.debug|x64.ActiveCfg = debug|x64
		{10D31968-A0B3-0B36-9317-A9AA4D6C4105}.debug|x64.Build.0 = debug|x64
		{0951EF3B-5D5D-E049-5E78-363D899884B8}.release|Win32.ActiveCfg = release|Win32
		{0951EF3B-5D5D-E049-5E78-363D899884B8}.release|Win32.Build.0 = release|Win32
		{0951EF3B-5D5D-E049-5E78-363D899884B8}.release|x64.ActiveCfg = release|x64
		{0951EF3B-5D5D-E049-5E78-363D899884B8}.release|x64.Build.0 = release|x64
		{0951EF3B-5D5D-E049-5E78-363D899884B8}.debug|Win32.ActiveCfg = debug|Win32
		{0951EF3B-5D5D-E049-5E78-363D899884B8}.debug|Win32.Build.0 = debug|Win32
		{0951EF3B-5D5D-E049-5E78-363D899884B8}.debug|x64.ActiveCfg = debug|x64
		{0951EF3B-5D5D-E049-5E78-363D899884B8}.debug|x64.Build.0 = debug|x64
		{E95C9D20-FA6C-BF0E-34F1-344277FDBA6D}.release|Win32.ActiveCfg = release|Win32
		{E95C9D20-FA6C-BF0E-34F1-344277FDBA6D}.release|Win32.Build.0 = release|Win32
		{E95C9D20-FA6C-BF0E-34F1-344277FDBA6D}.release|x64.ActiveCfg = release|x64
		{E95C9D20-FA6C-BF0E-34F1-344277FDBA6D}.release|x64.Build.0 = release|x64
		{E95C9D20-FA6C-BF0E-34F1-344277FDBA6D}.debug|Win32.ActiveCfg = debug|Win32
		{E95C9D20-FA6C-BF0E-34F1-344277FDBA6D}.debug|Win32.Build.0 = debug|Win32
		{E95C9D20-FA6C-BF0E-34F1-344277FDBA6D}.debug|x64.ActiveCfg = debug|x64
		{E95C9D20-FA6C-BF0E-34F1-344277FDBA6D}.debug|x64.Build.0 = debug|x64
		{7B29EBC8-7C83-D9F6-3236-C4AA6896A675}.release|Win32.ActiveCfg = release|Win32
		{7B29EBC8-7C83-D9F6-3236-C4AA6896A675}.release|Win32.Build.0 = release|Win32
		{7B29EBC8-7C83-D9F6-3236-C4AA6896A675}.release|x64.ActiveCfg = release|x64
		{7B29EBC8-7C83-D9F6-3236-C4AA6896A675}.release|x64.Build.0 = release|x64
		{7B29EBC8-7C83-D9F6-3236-C4AA6896A675}.debug|Win32.ActiveCfg = debug|Win32
		{7B29EBC8-7C83-D9F6-3236-C4AA6896A675}.debug|Win32.Build.0 = debug|Win32
		{7B29EBC8-7C83-D9F6-3236-C4AA6896A675}.debug|x64.ActiveCfg = debug|x64
		{7B29EBC8-7C83-D9F6-3236-C4AA6896A675}.debug|x64.Build.0 = debug|x64
		{A36A5894-04B2-E642-FA74-B5F6A0DACC81}.release|Win32.ActiveCfg = release|Win32
		{A36A5894-04B2-E642-FA74-B5F6A0DACC81}.release|Win32.Build.0 = release|Win32
		{A36A5894-04B2-E642-FA74-B5F6A0DACC81}.release|x64.ActiveCfg = release|x64
		{A36A5894-04B2-E642-FA74-B5F6A0DACC81}.release|x64.Build.0 = release|x64
		{A36A5894-04B2-E642-FA74-B5F6A0DACC81}.debug|Win32.ActiveCfg = debug|Win32
		{A36A5894-04B2-E642-FA74-B5F6A0DACC81}.debug|Win32.Build.0 = debug|Win32
		{A36A5894-04B2-E642-FA74-B5F6A0DACC81}.debug|x64.ActiveCfg = debug|x64
		{A36A5894-04B2-E642-FA74-B5F6A0DACC81}.debug|x64.Build.0 = debug|x64
		{2E2BB8F1-A7B2-AB5F-1AF5-DB93CAFC84FE}.release|Win32.ActiveCfg = release|Win32
		{2E2BB8F1-A7B2-AB5F-1AF5-DB93CAFC84FE}.release|Win32.Build.0 = release|Win32
		{2E2BB8F1-A7B2-AB5F-1AF5-DB93CAFC84FE}.release|x64.ActiveCfg = release|x64
		{2E2BB8F1-A7B2-AB5F-1AF5-DB93CAFC84FE}.release|x64.Build.0 = release|x64
		{2E2BB8F1-A7B2-AB5F-1AF5-DB93CAFC84FE}.debug|Win32.ActiveCfg = debug|Win32
		{2E2BB8F1-A7B2-AB5F-1AF5-DB93CAFC84FE}.debug|Win32.Build.0 = debug|Win32
		{2E2BB8F1-A7B2-AB5F-1AF5-DB93CAFC84FE}.debug|x64.ActiveCfg = debug|x64
		{2E2BB8F1-A7B2-AB5F-1AF5-DB93CAFC84FE}.debug|x64.Build.0 = debug|x64
		{348CAC21-459C-CE0F-8021-4343C32DC96E}.release|Win32.ActiveCfg = release|Win32
		{348CAC21-459C-CE0F-8021-4343C32DC96E}.release|Win32.Build.0 = release|Win32
		{348CAC21-459C-CE0F-8021-4343C32DC96E}.release|x64.ActiveCfg = release|x64
		{348CAC21-459C-CE0F-8021-4343C32DC96E}.release|x64.Build.0 = release|x64
		{348CAC21-459C-CE0F-8021-4343C32DC96E}.debug|Win32.ActiveCfg = debug|Win32
		{348CAC21-459C-CE0F-8021-4343C32DC96E}.debug|Win32.Build.0 = debug|Win32
		{348CAC21-459C-CE0F-8021-4343C32DC96E}.debug|x64.ActiveCfg = debug|x64
		{348CAC21-459C-CE0F-8021-4343C32DC96E}.debug|x64.Build.0 = debug|x64
		{5852F915-D1D9-EB83-451D-1BB7F523C522}.release|Win32.ActiveCfg = release|Win32
		{5852F915-D1D9-EB83-451D-1BB7F523C522}.release|Win32.Build.0 = release|Win32
		{5852F915-D1D9-EB83-451D-1BB7F523C522}.release|x64.ActiveCfg = release|x64
		{5852F915-D1D9-EB83-451D-1BB7F523C522}.release|x64.Build.0 = release|x64
		{5852F915-D1D9-EB83-451D-1BB7F523C522}.debug|Win32.ActiveCfg = debug|Win32
		{5852F915-D1D9-EB83-451D-1BB7F523C522}.debug|Win32.Build.0 = debug|Win32
		{5852F915-D1D9-EB83-451D-1BB7F523C522}.debug|x64.ActiveCfg = debug|x64
		{5852F915-D1D9-EB83-451D-1BB7F523C522}.debug|x64.Build.0 = debug|x64
		{0DFCE721-6F45-74CF-6507-44830B6D5B0E}.release|Win32.ActiveCfg = release|Win32
		{0DFCE721-6F45-74CF-6507-44830B6D5B0E}.release|Win32.Build.0 = release|Win32
		{0DFCE721-6F45-74CF-6507-44830B6D5B0E}.release|x64.ActiveCfg = release|x64
		{0DFCE721-6F45-74CF-6507-44830B6D5B0E}.release|x64.Build.0 = release|x64
		{0DFCE721-6F45-74CF-6507-44830B6D5B0E}.debug|Win32.ActiveCfg = debug|Win32
		{0DFCE721-6F45-74CF-6507-44830B6D5B0E}.debug|Win32.Build.0 = debug|Win32
		{0DFCE721-6F45-74CF-6507-44830B6D5B0E}.debug|x64.ActiveCfg = debug|x64
		{0DFCE721-6F45-74CF-6507-44830B6D5B0E}.debug|x64.Build.0 = debug|x64
		{85097398-8663-61C6-3C16-4C7A72762E45}.release|Win32.ActiveCfg = release|Win32
		{85097398-8663-61C6-3C16-4C7A72762E45}.release|Win32.Build.0 = release|Win32
		{85097398-8663-61C6-3C16-4C7A72762E45}.release|x64.ActiveCfg = release|x64
		{85097398-8663-61C6-3C16-4C7A72762E45}.release|x64.Build.0 = release|x64
		{85097398-8663-61C6-3C16-4C7A72762E45}.debug|Win32.ActiveCfg = debug|Win32
		{85097398-8663-61C6-3C16-4C7A72762E45}.debug|Win32.Build.0 = debug|Win32
		{85097398-8663-61C6-3C16-4C7A72762E45}.debug|x64.ActiveCfg = debug|x64
		{85097398-8663-61C6-3C16-4C7A72762E45}.debug|x64.Build.0 = debug|x64
		{A6FAE74A-F3E1-20D8-D689-81CCDFA4FF87}.release|Win32.ActiveCfg = release|Win32
		{A6FAE74A-F3E1-20D8-D689-81CCDFA4FF87}.release|Win32.Build.0 = release|Win32
		{A6FAE74A-F3E1-20D8-D689-81CCDFA4FF87}.release|x64.ActiveCfg = release|x64
		{A6FAE74A-F3E1-20D8-D689-81CCDFA4FF87}.release|x64.Build.0 = release|x64
		{A6FAE74A-F3E1-20D8-D689-81CCDFA4FF87}.debug|Win32.ActiveCfg = debug|Win32
		{A6FAE74A-F3E1-20D8-D689-81CCDFA4FF87}.debug|Win32.Build.0 = debug|Win32
		{A6FAE74A-F3E1-20D8-D689-81CCDFA4FF87}.debug|x64.ActiveCfg = debug|x64
		{A6FAE74A-F3E1-20D8-D689-81CCDFA4FF87}.debug|x64.Build.0 = debug|x64
		{936CC683-B571-FFD1-9848-F3458C228360}.release|Win32.ActiveCfg = release|Win32
		{936CC683-B571-FFD1-9848-F3458C228360}.release|Win32.Build.0 = release|Win32
		{936CC683-B571-FFD1-9848-F3458C228360}.release|x64.ActiveCfg = release|x64
		{936CC683-B571-FFD1-9848-F3458C228360}.release|x64.Build.0 = release|x64
		{936CC683-B571-FFD1-9848-F3458C228360}.debug|Win32.ActiveCfg = debug|Win32
		{936CC683-B571-FFD1-9848-F3458C228360}.debug|Win32.Build.0 = debug|Win32
		{936CC683-B571-FFD1-9848-F3458C228360}.debug|x64.ActiveCfg = debug|x64
		{936CC683-B571-FFD1-9848-F3458C228360}.debug|x64.Build.0 = debug|x64
		{1DFC77D3-736B-1AC1-E10C-45F57964C2A0}.release|Win32.ActiveCfg = release|Win32
		{1DFC77D3-736B-1AC1-E10C-45F57964C2A0}.release|Win32.Build.0 = release|Win32
		{1DFC77D3-736B-1AC1-E10C-45F57964C2A0}.release|x64.ActiveCfg = release|x64
		{1DFC77D3-736B-1AC1-E10C-45F57964C2A0}.release|x64.Build.0 = release|x64
		{1DFC77D3-736B-1AC1-E10C-45F57964C2A0}.debug|Win32.ActiveCfg = debug|Win32
		{1DFC77D3-736B-1AC1-E10C-45F57964C2A0}.debug|Win32.Build.0 = debug|Win32
		{1DFC77D3-736B-1AC1-E10C-45F57964C2A0}.debug|x64.ActiveCfg = debug|x64
		{1DFC77D3-736B-1AC1-E10C-45F57964C2A0}.debug|x64.Build.0 = debug|x64
		{20B1EB93-B091-DD61-A2F6-7BD55D4B1330}.release|Win32.ActiveCfg = release|Win32
		{20B1EB93-B091-DD61-A2F6-7BD55D4B1330}.release|Win32.Build.0 = release|Win32
		{20B1EB93-B091-DD61-A2F6-7BD55D4B1330}.release|x64.ActiveCfg = release|x64
		{20B1EB93-B091-DD61-A2F6-7BD55D4B1330}.release|x64.Build.0 = release|x64
		{20B1EB93-B091-DD61-A2F6-7BD55D4B1330}.debug|Win32.ActiveCfg = debug|Win32
		{20B1EB93-B091-DD61-A2F6-7BD55D4B1330}.debug|Win32.Build.0 = debug|Win32
		{20B1EB93-B091-DD61-A2F6-7BD55D4B1330}.debug|x64.ActiveCfg = debug|x64
		{20B1EB93-B091-DD61-A2F6-7BD55D4B1330}.debug|x64.Build.0 = debug|x64
		{5ADA36D4-A525-8602-F7C0-66B66F80EF01}.release|Win32.ActiveCfg = release|Win32
		{5ADA36D4-A525-8602-F7C0-66B66F80EF01}.release|Win32.Build.0 = release|Win32
		{5ADA36D4-A525-8602-F7C0-66B66F80EF01}.release|x64.ActiveCfg = release|x64
		{5ADA36D4-A525-8602-F7C0-66B66F80EF01}.release|x64.Build.0 = release|x64
		{5ADA36D4-A525-8602-F7C0-66B66F80EF01}.debug|Win32.ActiveCfg = debug|Win32
		{5ADA36D4-A525-8602-F7C0-66B66F80EF01}.debug|Win32.Build.0 = debug|Win32
		{5ADA36D4-A525-8602-F7C0-66B66F80EF01}.debug|x64.ActiveCfg = debug|x64
		{5ADA36D4-A525-8602-F7C0-66B66F80EF01}.debug|x64.Build.0 = debug|x64
		{59EF5D79-D376-4FE7-46B9-801BF6C02986}.release|Win32.ActiveCfg = release|Win32
		{59EF5D79-D376-4FE7-46B9-801BF6C02986}.release|Win32.Build.0 = release|Win32
		{59EF5D79-D376-4FE7-46B9-801BF6C02986}.release|x64.ActiveCfg = release|x64
		{59EF5D79-D376-4FE7-46B9-801BF6C02986}.release|x64.Build.0 = release|x64
		{59EF5D79-D376-4FE7-46B9-801BF6C02986}.debug|Win32.ActiveCfg = debug|Win32
		{59EF5D79-D376-4FE7-46B9-801BF6C02986}.debug|Win32.Build.0 = debug|Win32
		{59EF5D79-D376-4FE7-46B9-801BF6C02986}.debug|x64.ActiveCfg = debug|x64
		{59EF5D79-D376-4FE7-46B9-801BF6C02986}.debug|x64.Build.0 = debug|x64
		{CD0E7C73-A4E6-AB21-C751-F0D555A94DE0}.release|Win32.ActiveCfg = release|Win32
		{CD0E7C73-A4E6-AB21-C751-F0D555A94DE0}.release|Win32.Build.0 = release|Win32
		{CD0E7C73-A4E6-AB21-C751-F0D555A94DE0}.release|x64.ActiveCfg = release|x64
		{CD0E7C73-A4E6-AB21-C751-F0D555A94DE0}.release|x64.Build.0 = release|x64
		{CD0E7C73-A4E6-AB21-C751-F0D555A94DE0}.debug|Win32.ActiveCfg = debug|Win32
		{CD0E7C73-A4E6-AB21-C751-F0D555A94DE0}.debug|Win32.Build.0 = debug|Win32
		{CD0E7C73-A4E6-AB21-C751-F0D555A94DE0}.debug|x64.ActiveCfg = debug|x64
		{CD0E7C73-A4E6-AB21-C751-F0D555A94DE0}.debug|x64.Build.0 = debug|x64
		{706A4975-C476-3A83-C590-9077F0B0DEF2}.release|Win32.ActiveCfg = release|Win32
		{706A4975-C476-3A83-C590-9077F0B0DEF2}.release|Win32.Build.0 = release|Win32
		{706A4975-C476-3A83-C590-9077F0B0DEF2}.release|x64.ActiveCfg = release|x64
		{706A4975-C476-3A83-C590-9077F0B0DEF2}.release|x64.Build.0 = release|x64
		{706A4975-C476-3A83-C590-9077F0B0DEF2}.debug|Win32.ActiveCfg = debug|Win32
		{706A4975-C476-3A83-C590-9077F0B0DEF2}.debug|Win32.Build.0 = debug|Win32
		{706A4975-C476-3A83-C590-9077F0B0DEF2}.debug|x64.ActiveCfg = debug|x64
		{706A4975-C476-3A83-C590-9077F0B0DEF2}.debug|x64.Build.0 = debug|x64
		{218B0CE6-9B11-FF54-0E55-2F88BE5BD8F3}.release|Win32.ActiveCfg = release|Win32
		{218B0CE6-9B11-FF54-0E55-2F88BE5BD8F3}.release|Win32.Build.0 = release|Win32
		{218B0CE6-9B11-FF54-0E55-2F88BE5BD8F3}.release|x64.ActiveCfg = release|x64
		{218B0CE6-9B11-FF54-0E55-2F88BE5BD8F3}.release|x64.Build.0 = release|x64
		{218B0CE6-9B11-FF54-0E55-2F88BE5BD8F3}.debug|Win32.ActiveCfg = debug|Win32
		{218B0CE6-9B11-FF54-0E55-2F88BE5BD8F3}.debug|Win32.Build.0 = debug|Win32
		{218B0CE6-9B11-FF54-0E55-2F88BE5BD8F3}.debug|x64.ActiveCfg = debug|x64
		{218B0CE6-9B11-FF54-0E55-2F88BE5BD8F3}.debug|x64.Build.0 = debug|x64
		{98F6ED2B-127D-DF99-85C1-0FCD35C7B938}.release|Win32.ActiveCfg = release|Win32
		{98F6ED2B-127D-DF99-85C1-0FCD35C7B938}.release|Win32.Build.0 = release|Win32
		{98F6ED2B-127D-DF99-85C1-0FCD35C7B938}.release|x64.ActiveCfg = release|x64
		{98F6ED2B-127D-DF99-85C1-0FCD35C7B938}.release|x64.Build.0 = release|x64
		{98F6ED2B-127D-DF99-85C1-0FCD35C7B938}.debug|Win32.ActiveCfg = debug|Win32
		{98F6ED2B-127D-DF99-85C1-0FCD35C7B938}.debug|Win32.Build.0 = debug|Win32
		{98F6ED2B-127D-DF99-85C1-0FCD35C7B938}.debug|x64.ActiveCfg = debug|x64
		{98F6ED2B-127D-DF99-85C1-0FCD35C7B938}.debug|x64.Build.0 = debug|x64
		{65E1A943-DF68-9BB1-52AB-CBE502B27550}.release|Win32.ActiveCfg = release|Win32
		{65E1A943-DF68-9BB1-52AB-CBE502B27550}.release|Win32.Build.0 = release|Win32
		{65E1A943-DF68-9BB1-52AB-CBE502B27550}.release|x64.ActiveCfg = release|x64
		{65E1A943-DF68-9BB1-52AB-CBE502B27550}.release|x64.Build.0 = release|x64
		{65E1A943-DF68-9BB1-52AB-CBE502B27550}.debug|Win32.ActiveCfg = debug|Win32
		{65E1A943-DF68-9BB1-52AB-CBE502B27550}.debug|Win32.Build.0 = debug|Win32
		{65E1A943-DF68-9BB1-52AB-CBE502B27550}.debug|x64.ActiveCfg = debug|x64
		{65E1A943-DF68-9BB1-52AB-CBE502B27550}.debug|x64.Build.0 = debug|x64
		{32270DE8-936F-9B96-8931-6B4A2F9781D5}.release|Win32.ActiveCfg = release|Win32
		{32270DE8-936F-9B96-8931-6B4A2F9781D5}.release|Win32.Build.0 = release|Win32
		{32270DE8-936F-9B96-8931-6B4A2F9781D5}.release|x64.ActiveCfg = release|x64
		{32270DE8-936F-9B96-8931-6B4A2F9781D5}.release|x64.Build.0 = release|x64
		{32270DE8-936F-9B96-8931-6B4A2F9781D5}.debug|Win32.ActiveCfg = debug|Win32
		{32270DE8-936F-9B96-8931-6B4A2F9781D5}.debug|Win32.Build.0 = debug|Win32
		{32270DE8-936F-9B96-8931-6B4A2F9781D5}.debug|x64.ActiveCfg = debug|x64
		{32270DE8-936F-9B96-8931-6B4A2F9781D5}.debug|x64.Build.0 = debug|x64
		{A85FFDAA-CA65-36F8-AD3C-2A6CA115BA87}.release|Win32.ActiveCfg = release|Win32
		{A85FFDAA-CA65-36F8-AD3C-2A6CA115BA87}.release|Win32.Build.0 = release|Win32
		{A85FFDAA-CA65-36F8-AD3C-2A6CA115BA87}.release|x64.ActiveCfg = release|x64
		{A85FFDAA-CA65-36F8-AD3C-2A6CA115BA87}.release|x64.Build.0 = release|x64
		{A85FFDAA-CA65-36F8-AD3C-2A6CA115BA87}.debug|Win32.ActiveCfg = debug|Win32
		{A85FFDAA-CA65-36F8-AD3C-2A6CA115BA87}.debug|Win32.Build.0 = debug|Win32
		{A85FFDAA-CA65-36F8-AD3C-2A6CA115BA87}.debug|x64.ActiveCfg = debug|x64
		{A85FFDAA-CA65-36F8-AD3C-2A6CA115BA87}.debug|x64.Build.0 = debug|x64
		{197EDB5E-A95E-CD2C-9BC3-6BA0561802FB}.release|Win32.ActiveCfg = release|Win32
		{197EDB5E-A95E-CD2C-9BC3-6BA0561802FB}.release|Win32.Build.0 = release|Win32
		{197EDB5E-A95E-CD2C-9BC3-6BA0561802FB}.release|x64.ActiveCfg = release|x64
		{197EDB5E-A95E-CD2C-9BC3-6BA0561802FB}.release|x64.Build.0 = release|x64
		{197EDB5E-A95E-CD2C-9BC3-6BA0561802FB}.debug|Win32.ActiveCfg = debug|Win32
		{197EDB5E-A95E-CD2C-9BC3-6BA0561802FB}.debug|Win32.Build.0 = debug|Win32
		{197EDB5E-A95E-CD2C-9BC3-6BA0561802FB}.debug|x64.ActiveCfg = debug|x64
		{197EDB5E-A95E-CD2C-9BC3-6BA0561802FB}.debug|x64.Build.0 = debug|x64
		{0FD353B4-5CB9-8D42-3F61-EE36487D6BF1}.release|Win32.ActiveCfg = release|Win32
		{0FD353B4-5CB9-8D42-3F61-EE36487D6BF1}.release|Win32.Build.0 = release|Win32
		{0FD353B4-5CB9-8D42-3F61-EE36487D6BF1}.release|x64.ActiveCfg = release|x64
		{0FD353B4-5CB9-8D42-3F61-EE36487D6BF1}.release|x64.Build.0 = release|x64
		{0FD353B4-5CB9-8D42-3F61-EE36487D6BF1}.debug|Win32.ActiveCfg = debug|Win32
		{0FD353B4-5CB9-8D42-3F61-EE36487D6BF1}.debug|Win32.Build.0 = debug|Win32
		{0FD353B4-5CB9-8D42-3F61-EE36487D6BF1}.debug|x64.ActiveCfg = debug|x64
		{0FD353B4-5CB9-8D42-3F61-EE36487D6BF1}.debug|x64.Build.0 = debug|x64
		{E11F55CF-4267-E37D-3829-B331DE8FC9BC}.release|Win32.ActiveCfg = release|Win32
		{E11F55CF-4267-E37D-3829-B331DE8FC9BC}.release|Win32.Build.0 = release|Win32
		{E11F55CF-4267-E37D-3829-B331DE8FC9BC}.release|x64.ActiveCfg = release|x64
		{E11F55CF-4267-E37D-3829-B331DE8FC9BC}.release|x64.Build.0 = release|x64
		{E11F55CF-4267-E37D-3829-B331DE8FC9BC}.debug|Win32.ActiveCfg = debug|Win32
		{E11F55CF-4267-E37D-3829-B331DE8FC9BC}.debug|Win32.Build.0 = debug|Win32
		{E11F55CF-4267-E37D-3829-B331DE8FC9BC}.debug|x64.ActiveCfg = debug|x64
		{E11F55CF-4267-E37D-3829-B331DE8FC9BC}.debug|x64.Build.0 = debug|x64
		{D7FDEE5B-24E4-27E9-078C-88DD10A80698}.release|Win32.ActiveCfg = release|Win32
		{D7FDEE5B-24E4-27E9-078C-88DD10A80698}.release|Win32.Build.0 = release|Win32
		{D7FDEE5B-24E4-27E9-078C-88DD10A80698}.release|x64.ActiveCfg = release|x64
		{D7FDEE5B-24E4-27E9-078C-88DD10A80698}.release|x64.Build.0 = release|x64
		{D7FDEE5B-24E4-27E9-078C-88DD10A80698}.debug|Win32.ActiveCfg = debug|Win32
		{D7FDEE5B-24E4-27E9-078C-88DD10A80698}.debug|Win32.Build.0 = debug|Win32
		{D7FDEE5B-24E4-27E9-078C-88DD10A80698}.debug|x64.ActiveCfg = debug|x64
		{D7FDEE5B-24E4-27E9-078C-88DD10A80698}.debug|x64.Build.0 = debug|x64
		{41F4866A-5304-A858-8D89-1D8CD095A3B7}.release|Win32.ActiveCfg = release|Win32
		{41F4866A-5304-A858-8D89-1D8CD095A3B7}.release|Win32.Build.0 = release|Win32
		{41F4866A-5304-A858-8D89-1D8CD095A3B7}.release|x64.ActiveCfg = release|x64
		{41F4866A-5304-A858-8D89-1D8CD095A3B7}.release|x64.Build.0 = release|x64
		{41F4866A-5304-A858-8D89-1D8CD095A3B7}.debug|Win32.ActiveCfg = debug|Win32
		{41F4866A-5304-A858-8D89-1D8CD095A3B7}.debug|Win32.Build.0 = debug|Win32
		{41F4866A-5304-A858-8D89-1D8CD095A3B7}.debug|x64.ActiveCfg = debug|x64
		{41F4866A-5304-A858-8D89-1D8CD095A3B7}.debug|x64.Build.0 = debug|x64
		{68986596-69F2-53C4-1FA5-3E7856052043}.release|Win32.ActiveCfg = release|Win32
		{68986596-69F2-53C4-1FA5-3E7856052043}.release|Win32.Build.0 = release|Win32
		{68986596-69F2-53C4-1FA5-3E7856052043}.release|x64.ActiveCfg = release|x64
		{68986596-69F2-53C4-1FA5-3E7856052043}.release|x64.Build.0 = release|x64
		{68986596-69F2-53C4-1FA5-3E7856052043}.debug|Win32.ActiveCfg = debug|Win32
		{68986596-69F2-53C4-1FA5-3E7856052043}.debug|Win32.Build.0 = debug|Win32
		{68986596-69F2-53C4-1FA5-3E7856052043}.debug|x64.ActiveCfg = debug|x64
		{68986596-69F2-53C4-1FA5-3E7856052043}.debug|x64.Build.0 = debug|x64
		{37AB760C-3905-643A-EEB8-4EEE251830B9}.release|Win32.ActiveCfg = release|Win32
		{37AB760C-3905-643A-EEB8-4EEE251830B9}.release|Win32.Build.0 = release|Win32
		{37AB760C-3905-643A-EEB8-4EEE251830B9}.release|x64.ActiveCfg = release|x64
		{37AB760C-3905-643A-EEB8-4EEE251830B9}.release|x64.Build.0 = release|x64
		{37AB760C-3905-643A-EEB8-4EEE251830B9}.debug|Win32.ActiveCfg = debug|Win32
		{37AB760C-3905-643A-EEB8-4EEE251830B9}.debug|Win32.Build.0 = debug|Win32
		{37AB760C-3905-643A-EEB8-4EEE251830B9}.debug|x64.ActiveCfg = debug|x64
		{37AB760C-3905-643A-EEB8-4EEE251830B9}.debug|x64.Build.0 = debug|x64
		{B38DB008-B4E7-9E36-6A9A-88EAA0FA6AB5}.release|Win32.ActiveCfg = release|Win32
		{B38DB008-B4E7-9E36-6A9A-88EAA0FA6AB5}.release|Win32.Build.0 = release|Win32
		{B38DB008-B4E7-9E36-6A9A-88EAA0FA6AB5}.release|x64.ActiveCfg = release|x64
		{B38DB008-B4E7-9E36-6A9A-88EAA0FA6AB5}.release|x64.Build.0 = release|x64
		{B38DB008-B4E7-9E36-6A9A-88EAA0FA6AB5}.debug|Win32.ActiveCfg = debug|Win32
		{B38DB008-B4E7-9E36-6A9A-88EAA0FA6AB5}.debug|Win32.Build.0 = debug|Win32
		{B38DB008-B4E7-9E36-6A9A-88EAA0FA6AB5}.debug|x64.ActiveCfg = debug|x64
		{B38DB008-B4E7-9E36-6A9A-88EAA0FA6AB5}.debug|x64.Build.0 = debug|x64
		{5D547CBA-6E64-9EA8-A8E9-13DCEBF59A07}.release|Win32.ActiveCfg = release|Win32
		{5D547CBA-6E64-9EA8-A8E9-13DCEBF59A07}.release|Win32.Build.0 = release|Win32
		{5D547CBA-6E64-9EA8-A8E9-13DCEBF59A07}.release|x64.ActiveCfg = release|x64
		{5D547CBA-6E64-9EA8-A8E9-13DCEBF59A07}.release|x64.Build.0 = release|x64
		{5D547CBA-6E64-9EA8-A8E9-13DCEBF59A07}.debug|Win32.ActiveCfg = debug|Win32
		{5D547CBA-6E64-9EA8-A8E9-13DCEBF59A07}.debug|Win32.Build.0 = debug|Win32
		{5D547CBA-6E64-9EA8-A8E9-13DCEBF59A07}.debug|x64.ActiveCfg = debug|x64
		{5D547CBA-6E64-9EA8-A8E9-13DCEBF59A07}.debug|x64.Build.0 = debug|x64
		{4D775831-A183-493F-A29D-9F33CDBDEDAE}.release|Win32.ActiveCfg = release|Win32
		{4D775831-A183-493F-A29D-9F33CDBDEDAE}.release|Win32.Build.0 = release|Win32
		{4D775831-A183-493F-A29D-9F33CDBDEDAE}.release|x64.ActiveCfg = release|x64
		{4D775831-A183-493F-A29D-9F33CDBDEDAE}.release|x64.Build.0 = release|x64
		{4D775831-A183-493F-A29D-9F33CDBDEDAE}.debug|Win32.ActiveCfg = debug|Win32
		{4D775831-A183-493F-A29D-9F33CDBDEDAE}.debug|Win32.Build.0 = debug|Win32
		{4D775831-A183-493F-A29D-9F33CDBDEDAE}.debug|x64.ActiveCfg = debug|x64
		{4D775831-A183-493F-A29D-9F33CDBDEDAE}.debug|x64.Build.0 = debug|x64
		{857D1353-A782-4CA1-8A59-40157E32D030}.release|Win32.ActiveCfg = release|Win32
		{857D1353-A782-4CA1-8A59-40157E32D030}.release|Win32.Build.0 = release|Win32
		{857D1353-A782-4CA1-8A59-40157E32D030}.release|x64.ActiveCfg = release|x64
		{857D1353-A782-4CA1-8A59-40157E32D030}.release|x64.Build.0 = release|x64
		{857D1353-A782-4CA1-8A59-40157E32D030}.debug|Win32.ActiveCfg = debug|Win32
		{857D1353-A782-4CA1-8A59-40157E32D030}.debug|Win32.Build.0 = debug|Win32
		{857D1353-A782-4CA1-8A59-40157E32D030}.debug|x64.ActiveCfg = debug|x64
		{857D1353-A782-4CA1-8A59-40157E32D030}.debug|x64.Build.0 = debug|x64
		{BA19B4EE-33A0-A75C-A6E3-D79056EA80FB}.release|Win32.ActiveCfg = release|Win32
		{BA19B4EE-33A0-A75C-A6E3-D79056EA80FB}.release|Win32.Build.0 = release|Win32
		{BA19B4EE-33A0-A75C-A6E3-D79056EA80FB}.release|x64.ActiveCfg = release|x64
		{BA19B4EE-33A0-A75C-A6E3-D79056EA80FB}.release|x64.Build.0 = release|x64
		{BA19B4EE-33A0-A75C-A6E3-D79056EA80FB}.debug|Win32.ActiveCfg = debug|Win32
		{BA19B4EE-33A0-A75C-A6E3-D79056EA80FB}.debug|Win32.Build.0 = debug|Win32
		{BA19B4EE-33A0-A75C-A6E3-D79056EA80FB}.debug|x64.ActiveCfg = debug|x64
		{BA19B4EE-33A0-A75C-A6E3-D79056EA80FB}.debug|x64.Build.0 = debug|x64
		{63CD9A89-6527-88B7-1ADA-736B513A5536}.release|Win32.ActiveCfg = release|Win32
		{63CD9A89-6527-88B7-1ADA-736B513A5536}.release|Win32.Build.0 = release|Win32
		{63CD9A89-6527-88B7-1ADA-736B513A5536}.release|x64.ActiveCfg = release|x64
		{63CD9A89-6527-88B7-1ADA-736B513A5536}.release|x64.Build.0 = release|x64
		{63CD9A89-6527-88B7-1ADA-736B513A5536}.debug|Win32.ActiveCfg = debug|Win32
		{63CD9A89-6527-88B7-1ADA-736B513A5536}.debug|Win32.Build.0 = debug|Win32
		{63CD9A89-6527-88B7-1ADA-736B513A5536}.debug|x64.ActiveCfg = debug|x64
		{63CD9A89-6527-88B7-1ADA-736B513A5536}.debug|x64.Build.0 = debug|x64
	EndGlobalSection
	GlobalSection(SolutionProperties) = preSolution
		HideSolutionNode = FALSE
	EndGlobalSection
	GlobalSection(NestedProjects) = preSolution
		{EB9F7F8F-9C48-E05D-9725-68D16A56A1AC} = {7C5B2CF9-06C7-B587-6B8F-407B158D0FB6}
		{4D1FC27E-24F7-F12C-4763-36E0D5BA93EB} = {CA4018DF-7AE9-79AD-75C6-022148F73AFC}
		{FB8CE718-50FB-8A06-BE9C-B53A56F531E5} = {CA4018DF-7AE9-79AD-75C6-022148F73AFC}
		{57B53FB1-79BA-78FF-5C91-6C73506AFC8E} = {CA4018DF-7AE9-79AD-75C6-022148F73AFC}
		{7B29EBC8-7C83-D9F6-3236-C4AA6896A675} = {CA4018DF-7AE9-79AD-75C6-022148F73AFC}
		{2E2BB8F1-A7B2-AB5F-1AF5-DB93CAFC84FE} = {CA4018DF-7AE9-79AD-75C6-022148F73AFC}
		{348CAC21-459C-CE0F-8021-4343C32DC96E} = {CA4018DF-7AE9-79AD-75C6-022148F73AFC}
		{20B1EB93-B091-DD61-A2F6-7BD55D4B1330} = {CA4018DF-7AE9-79AD-75C6-022148F73AFC}
		{CD0E7C73-A4E6-AB21-C751-F0D555A94DE0} = {CA4018DF-7AE9-79AD-75C6-022148F73AFC}
		{98F6ED2B-127D-DF99-85C1-0FCD35C7B938} = {CA4018DF-7AE9-79AD-75C6-022148F73AFC}
		{65E1A943-DF68-9BB1-52AB-CBE502B27550} = {CA4018DF-7AE9-79AD-75C6-022148F73AFC}
		{197EDB5E-A95E-CD2C-9BC3-6BA0561802FB} = {CA4018DF-7AE9-79AD-75C6-022148F73AFC}
		{0FD353B4-5CB9-8D42-3F61-EE36487D6BF1} = {CA4018DF-7AE9-79AD-75C6-022148F73AFC}
		{68986596-69F2-53C4-1FA5-3E7856052043} = {CA4018DF-7AE9-79AD-75C6-022148F73AFC}
		{63CD9A89-6527-88B7-1ADA-736B513A5536} = {CA4018DF-7AE9-79AD-75C6-022148F73AFC}
		{92127E6C-E61E-6F7A-E738-C56E125913E9} = {AC1EC487-368B-4D15-9B52-D8094550A744}
		{59C0ADDF-D347-A04D-468A-D081F69179EC} = {AC1EC487-368B-4D15-9B52-D8094550A744}
		{37AB760C-3905-643A-EEB8-4EEE251830B9} = {AC1EC487-368B-4D15-9B52-D8094550A744}
		{10D31968-A0B3-0B36-9317-A9AA4D6C4105} = {C1E22793-4C4E-B021-B116-3B155B140A50}
		{5D547CBA-6E64-9EA8-A8E9-13DCEBF59A07} = {C1E22793-4C4E-B021-B116-3B155B140A50}
		{CE8D21CE-DF9D-43BC-1A21-B8F05D2E3F1B} = {B000E5C9-2D83-1737-5438-116BB9AE2456}
		{B38DB008-B4E7-9E36-6A9A-88EAA0FA6AB5} = {B000E5C9-2D83-1737-5438-116BB9AE2456}
		{8413E3B5-D0FA-1D43-B3A2-7E37BCBDFBF2} = {9EA27264-9FFC-6092-55AF-4B468C0F2D11}
		{218B0CE6-9B11-FF54-0E55-2F88BE5BD8F3} = {9EA27264-9FFC-6092-55AF-4B468C0F2D11}
		{4D775831-A183-493F-A29D-9F33CDBDEDAE} = {9EA27264-9FFC-6092-55AF-4B468C0F2D11}
		{13A444E2-35A9-7E30-1880-71A40C5A01BF} = {EB8E85F9-75FB-0E87-DAC2-997B84C068B6}
		{5AEF9DC0-6BFF-BFAE-A684-34E2E990BB0D} = {EB8E85F9-75FB-0E87-DAC2-997B84C068B6}
		{A6FAE74A-F3E1-20D8-D689-81CCDFA4FF87} = {EB8E85F9-75FB-0E87-DAC2-997B84C068B6}
		{0951EF3B-5D5D-E049-5E78-363D899884B8} = {21F41EEF-7600-0FFD-771A-65F1A23AB46C}
		{A36A5894-04B2-E642-FA74-B5F6A0DACC81} = {21F41EEF-7600-0FFD-771A-65F1A23AB46C}
		{7C5B2CF9-06C7-B587-6B8F-407B158D0FB6} = {8E3839F9-B03D-7347-9314-66BB86EDF6D6}
		{AC1EC487-368B-4D15-9B52-D8094550A744} = {8E3839F9-B03D-7347-9314-66BB86EDF6D6}
		{C42E91A7-199D-3495-873E-5FC91F96DC74} = {8E3839F9-B03D-7347-9314-66BB86EDF6D6}
		{B19F39B6-6248-9A84-5D25-22F830565BD3} = {8E3839F9-B03D-7347-9314-66BB86EDF6D6}
		{B000E5C9-2D83-1737-5438-116BB9AE2456} = {8E3839F9-B03D-7347-9314-66BB86EDF6D6}
		{33A9CFEE-0B81-FE9C-2DED-4450BC44A15B} = {8E3839F9-B03D-7347-9314-66BB86EDF6D6}
		{9EA27264-9FFC-6092-55AF-4B468C0F2D11} = {8E3839F9-B03D-7347-9314-66BB86EDF6D6}
		{C1E22793-4C4E-B021-B116-3B155B140A50} = {8E3839F9-B03D-7347-9314-66BB86EDF6D6}
		{21F41EEF-7600-0FFD-771A-65F1A23AB46C} = {8E3839F9-B03D-7347-9314-66BB86EDF6D6}
		{0DFCE721-6F45-74CF-6507-44830B6D5B0E} = {8E3839F9-B03D-7347-9314-66BB86EDF6D6}
		{59EF5D79-D376-4FE7-46B9-801BF6C02986} = {8E3839F9-B03D-7347-9314-66BB86EDF6D6}
		{32270DE8-936F-9B96-8931-6B4A2F9781D5} = {8E3839F9-B03D-7347-9314-66BB86EDF6D6}
		{E11F55CF-4267-E37D-3829-B331DE8FC9BC} = {8E3839F9-B03D-7347-9314-66BB86EDF6D6}
		{41F4866A-5304-A858-8D89-1D8CD095A3B7} = {8E3839F9-B03D-7347-9314-66BB86EDF6D6}
		{857D1353-A782-4CA1-8A59-40157E32D030} = {8E3839F9-B03D-7347-9314-66BB86EDF6D6}
		{CF67A1F5-826B-0403-0D8C-AFF772300CF2} = {D1250956-D27E-F784-8831-E238BE91C403}
		{AEC4417A-F90F-90A8-4BAA-715CC36AF9A7} = {D1250956-D27E-F784-8831-E238BE91C403}
		{67F649FD-1AF9-AC0B-A61B-57FF0ABEB4FA} = {D1250956-D27E-F784-8831-E238BE91C403}
		{85097398-8663-61C6-3C16-4C7A72762E45} = {D1250956-D27E-F784-8831-E238BE91C403}
		{936CC683-B571-FFD1-9848-F3458C228360} = {D1250956-D27E-F784-8831-E238BE91C403}
		{5ADA36D4-A525-8602-F7C0-66B66F80EF01} = {D1250956-D27E-F784-8831-E238BE91C403}
		{3841C903-B1C8-BB71-250B-EBA5D5129510} = {33A9CFEE-0B81-FE9C-2DED-4450BC44A15B}
		{E95C9D20-FA6C-BF0E-34F1-344277FDBA6D} = {33A9CFEE-0B81-FE9C-2DED-4450BC44A15B}
		{5852F915-D1D9-EB83-451D-1BB7F523C522} = {33A9CFEE-0B81-FE9C-2DED-4450BC44A15B}
		{1DFC77D3-736B-1AC1-E10C-45F57964C2A0} = {33A9CFEE-0B81-FE9C-2DED-4450BC44A15B}
		{706A4975-C476-3A83-C590-9077F0B0DEF2} = {33A9CFEE-0B81-FE9C-2DED-4450BC44A15B}
		{A85FFDAA-CA65-36F8-AD3C-2A6CA115BA87} = {33A9CFEE-0B81-FE9C-2DED-4450BC44A15B}
		{D7FDEE5B-24E4-27E9-078C-88DD10A80698} = {33A9CFEE-0B81-FE9C-2DED-4450BC44A15B}
		{BA19B4EE-33A0-A75C-A6E3-D79056EA80FB} = {33A9CFEE-0B81-FE9C-2DED-4450BC44A15B}
	EndGlobalSection
EndGlobal
